// !$*UTF8*$!
{
	archiveVersion = 1;
	classes = {
	};
	objectVersion = 46;
	objects = {

/* Begin PBXAggregateTarget section */
		9B9131831E0D3EDD00B784C6 /* dailybuild */ = {
			isa = PBXAggregateTarget;
			buildConfigurationList = 9B9131861E0D3EDD00B784C6 /* Build configuration list for PBXAggregateTarget "dailybuild" */;
			buildPhases = (
				9B91318E1E0D420600B784C6 /* ShellScript */,
			);
			dependencies = (
				9B91318D1E0D41FF00B784C6 /* PBXTargetDependency */,
			);
			name = dailybuild;
			productName = dailybuild;
		};
/* End PBXAggregateTarget section */

/* Begin PBXBuildFile section */
		408BFE591E641BE4003C09E4 /* libicucore.tbd in Frameworks */ = {isa = PBXBuildFile; fileRef = 408BFE581E641BE4003C09E4 /* libicucore.tbd */; };
		408BFE5B1E641BFC003C09E4 /* JavaScriptCore.framework in Frameworks */ = {isa = PBXBuildFile; fileRef = 408BFE5A1E641BFC003C09E4 /* JavaScriptCore.framework */; };
		408BFE5D1E641C27003C09E4 /* ImageIO.framework in Frameworks */ = {isa = PBXBuildFile; fileRef = 408BFE5C1E641C27003C09E4 /* ImageIO.framework */; };
		9B0BB9241F7903CA004AD449 /* OpenAL.framework in Frameworks */ = {isa = PBXBuildFile; fileRef = 9B0BB9231F7903CA004AD449 /* OpenAL.framework */; };
		9B2AD0001E24873400F5D3F7 /* LiveStreamListRequest.m in Sources */ = {isa = PBXBuildFile; fileRef = 9B2ACFFF1E24873400F5D3F7 /* LiveStreamListRequest.m */; };
		9B2AD0061E24893B00F5D3F7 /* LiveImageSignRequest.m in Sources */ = {isa = PBXBuildFile; fileRef = 9B2AD0051E24893B00F5D3F7 /* LiveImageSignRequest.m */; };
		9B2FF6DC1DD09F6F003CD319 /* RegistViewController.m in Sources */ = {isa = PBXBuildFile; fileRef = 9B2FF6DB1DD09F6F003CD319 /* RegistViewController.m */; };
		9B2FF6DF1DD0A7DC003CD319 /* LiveListViewController.m in Sources */ = {isa = PBXBuildFile; fileRef = 9B2FF6DE1DD0A7DC003CD319 /* LiveListViewController.m */; };
		9B2FF6E41DD0B2F1003CD319 /* Assets.xcassets in Resources */ = {isa = PBXBuildFile; fileRef = 9B2FF6E31DD0B2F1003CD319 /* Assets.xcassets */; };
		9B2FF6E71DD0B372003CD319 /* TabbarController.m in Sources */ = {isa = PBXBuildFile; fileRef = 9B2FF6E61DD0B372003CD319 /* TabbarController.m */; };
		9B2FF6EA1DD0B94E003CD319 /* LiveListTableViewCell.m in Sources */ = {isa = PBXBuildFile; fileRef = 9B2FF6E91DD0B94E003CD319 /* LiveListTableViewCell.m */; };
		9B3209E81ECD8BE8007773E0 /* LiveMainViewController.m in Sources */ = {isa = PBXBuildFile; fileRef = 9B3209E31ECD8BE8007773E0 /* LiveMainViewController.m */; };
		9B3209E91ECD8BE8007773E0 /* RecordListTableViewCell.m in Sources */ = {isa = PBXBuildFile; fileRef = 9B3209E51ECD8BE8007773E0 /* RecordListTableViewCell.m */; };
		9B3209EA1ECD8BE8007773E0 /* RecordListViewController.m in Sources */ = {isa = PBXBuildFile; fileRef = 9B3209E71ECD8BE8007773E0 /* RecordListViewController.m */; };
		9B458D041E812D30001DDB53 /* UIColor+MLPFlatColors.m in Sources */ = {isa = PBXBuildFile; fileRef = 9B458D011E812D30001DDB53 /* UIColor+MLPFlatColors.m */; };
		9B458D051E812D30001DDB53 /* UIImage+TintColor.m in Sources */ = {isa = PBXBuildFile; fileRef = 9B458D031E812D30001DDB53 /* UIImage+TintColor.m */; };
		9B458D251E814D5C001DDB53 /* LiveViewController.m in Sources */ = {isa = PBXBuildFile; fileRef = 9B458D0B1E814D5C001DDB53 /* LiveViewController.m */; };
		9B458D261E814D5C001DDB53 /* LiveViewController+AVListener.m in Sources */ = {isa = PBXBuildFile; fileRef = 9B458D0D1E814D5C001DDB53 /* LiveViewController+AVListener.m */; };
		9B458D271E814D5C001DDB53 /* LiveViewController+ImListener.m in Sources */ = {isa = PBXBuildFile; fileRef = 9B458D0F1E814D5C001DDB53 /* LiveViewController+ImListener.m */; };
		9B458D281E814D5C001DDB53 /* LiveCallView.m in Sources */ = {isa = PBXBuildFile; fileRef = 9B458D121E814D5C001DDB53 /* LiveCallView.m */; };
		9B458D291E814D5C001DDB53 /* LiveUIBttomView.m in Sources */ = {isa = PBXBuildFile; fileRef = 9B458D141E814D5C001DDB53 /* LiveUIBttomView.m */; };
		9B458D2A1E814D5C001DDB53 /* LiveUIParView.m in Sources */ = {isa = PBXBuildFile; fileRef = 9B458D161E814D5C001DDB53 /* LiveUIParView.m */; };
		9B458D2B1E814D5C001DDB53 /* LiveUITopView.m in Sources */ = {isa = PBXBuildFile; fileRef = 9B458D181E814D5C001DDB53 /* LiveUITopView.m */; };
		9B458D2D1E814D5C001DDB53 /* MemberListCell.m in Sources */ = {isa = PBXBuildFile; fileRef = 9B458D1C1E814D5C001DDB53 /* MemberListCell.m */; };
		9B458D2E1E814D5C001DDB53 /* MsgInputView.m in Sources */ = {isa = PBXBuildFile; fileRef = 9B458D1E1E814D5C001DDB53 /* MsgInputView.m */; };
		9B458D2F1E814D5C001DDB53 /* MsgTableViewCell.m in Sources */ = {isa = PBXBuildFile; fileRef = 9B458D201E814D5C001DDB53 /* MsgTableViewCell.m */; };
		9B458D301E814D5C001DDB53 /* ReportView.m in Sources */ = {isa = PBXBuildFile; fileRef = 9B458D221E814D5C001DDB53 /* ReportView.m */; };
		9B458D311E814D5C001DDB53 /* SetBeautyView.m in Sources */ = {isa = PBXBuildFile; fileRef = 9B458D241E814D5C001DDB53 /* SetBeautyView.m */; };
		9B458D3F1E814DC8001DDB53 /* UserProtocol.html in Resources */ = {isa = PBXBuildFile; fileRef = 9B458D3B1E814DC8001DDB53 /* UserProtocol.html */; };
		9B458D401E814DC8001DDB53 /* UserProtocolViewController.m in Sources */ = {isa = PBXBuildFile; fileRef = 9B458D3D1E814DC8001DDB53 /* UserProtocolViewController.m */; };
		9B458D411E814DC8001DDB53 /* UserProtocolViewController.xib in Resources */ = {isa = PBXBuildFile; fileRef = 9B458D3E1E814DC8001DDB53 /* UserProtocolViewController.xib */; };
		9B458D441E814E0A001DDB53 /* UserViewManager.m in Sources */ = {isa = PBXBuildFile; fileRef = 9B458D431E814E0A001DDB53 /* UserViewManager.m */; };
		9B458DB71E8151CB001DDB53 /* libCOSClient.a in Frameworks */ = {isa = PBXBuildFile; fileRef = 9B458D8C1E8151CB001DDB53 /* libCOSClient.a */; };
		9B458DCD1E8152E0001DDB53 /* UploadImageHelper.m in Sources */ = {isa = PBXBuildFile; fileRef = 9B458DCC1E8152E0001DDB53 /* UploadImageHelper.m */; };
		9B458DD01E815339001DDB53 /* LiveViewController+UI.m in Sources */ = {isa = PBXBuildFile; fileRef = 9B458DCF1E815339001DDB53 /* LiveViewController+UI.m */; };
		9B68A4CF1DD01AA30089786C /* main.m in Sources */ = {isa = PBXBuildFile; fileRef = 9B68A4CE1DD01AA30089786C /* main.m */; };
		9B68A4D21DD01AA30089786C /* AppDelegate.m in Sources */ = {isa = PBXBuildFile; fileRef = 9B68A4D11DD01AA30089786C /* AppDelegate.m */; };
		9B68A4DD1DD01AA30089786C /* LaunchScreen.storyboard in Resources */ = {isa = PBXBuildFile; fileRef = 9B68A4DB1DD01AA30089786C /* LaunchScreen.storyboard */; };
		9B6DAD9B1F2F2C51002896E8 /* ShareSDK.framework in Frameworks */ = {isa = PBXBuildFile; fileRef = 9B6DAD861F2F2C51002896E8 /* ShareSDK.framework */; };
		9B6DAD9C1F2F2C51002896E8 /* ShareSDKConfigFile.bundle in Resources */ = {isa = PBXBuildFile; fileRef = 9B6DAD891F2F2C51002896E8 /* ShareSDKConfigFile.bundle */; };
		9B6DAD9D1F2F2C51002896E8 /* ShareSDKConfigFile.framework in Frameworks */ = {isa = PBXBuildFile; fileRef = 9B6DAD8A1F2F2C51002896E8 /* ShareSDKConfigFile.framework */; };
		9B6DAD9E1F2F2C51002896E8 /* ShareSDKExtension.framework in Frameworks */ = {isa = PBXBuildFile; fileRef = 9B6DAD8B1F2F2C51002896E8 /* ShareSDKExtension.framework */; };
		9B6DAD9F1F2F2C51002896E8 /* ShareSDKUI.bundle in Resources */ = {isa = PBXBuildFile; fileRef = 9B6DAD8C1F2F2C51002896E8 /* ShareSDKUI.bundle */; };
		9B6DADA01F2F2C51002896E8 /* ShareSDKUI.framework in Frameworks */ = {isa = PBXBuildFile; fileRef = 9B6DAD8D1F2F2C51002896E8 /* ShareSDKUI.framework */; };
		9B6DADA11F2F2C51002896E8 /* WechatConnector.framework in Frameworks */ = {isa = PBXBuildFile; fileRef = 9B6DAD8F1F2F2C51002896E8 /* WechatConnector.framework */; };
		9B6DADA21F2F2C51002896E8 /* libWeChatSDK.a in Frameworks */ = {isa = PBXBuildFile; fileRef = 9B6DAD921F2F2C51002896E8 /* libWeChatSDK.a */; };
		9B6DADA31F2F2C51002896E8 /* README.txt in Resources */ = {isa = PBXBuildFile; fileRef = 9B6DAD931F2F2C51002896E8 /* README.txt */; };
		9B6DADA41F2F2C51002896E8 /* MOBFoundation.framework in Frameworks */ = {isa = PBXBuildFile; fileRef = 9B6DAD981F2F2C51002896E8 /* MOBFoundation.framework */; };
		9B6DADA51F2F2C51002896E8 /* ShareSDK.bundle in Resources */ = {isa = PBXBuildFile; fileRef = 9B6DAD991F2F2C51002896E8 /* ShareSDK.bundle */; };
		9B6DADA61F2F2C51002896E8 /* ShareSDKConnector.framework in Frameworks */ = {isa = PBXBuildFile; fileRef = 9B6DAD9A1F2F2C51002896E8 /* ShareSDKConnector.framework */; };
		9B6F01E81E9F2CF200CE5770 /* LinkRoomSigRequest.m in Sources */ = {isa = PBXBuildFile; fileRef = 9B6F01E71E9F2CF200CE5770 /* LinkRoomSigRequest.m */; };
		9B6F01EC1E9F2D5A00CE5770 /* AlertHelp.m in Sources */ = {isa = PBXBuildFile; fileRef = 9B6F01EB1E9F2D5A00CE5770 /* AlertHelp.m */; };
		9B6F01F11E9F2D9F00CE5770 /* EnvInfoView.m in Sources */ = {isa = PBXBuildFile; fileRef = 9B6F01EE1E9F2D9F00CE5770 /* EnvInfoView.m */; };
		9B6F01F21E9F2D9F00CE5770 /* MoreFunView.m in Sources */ = {isa = PBXBuildFile; fileRef = 9B6F01EF1E9F2D9F00CE5770 /* MoreFunView.m */; };
		9B6F01F51E9F2DAB00CE5770 /* LiveViewController+Audio.m in Sources */ = {isa = PBXBuildFile; fileRef = 9B6F01F41E9F2DAB00CE5770 /* LiveViewController+Audio.m */; };
		9B6F02291E9F508200CE5770 /* AssetsLibrary.framework in Frameworks */ = {isa = PBXBuildFile; fileRef = 9B6F02281E9F508200CE5770 /* AssetsLibrary.framework */; };
		9B6F022B1E9F50EC00CE5770 /* OpenGLES.framework in Frameworks */ = {isa = PBXBuildFile; fileRef = 9B6F022A1E9F50EC00CE5770 /* OpenGLES.framework */; };
		9B6F022D1E9F50F700CE5770 /* QuartzCore.framework in Frameworks */ = {isa = PBXBuildFile; fileRef = 9B6F022C1E9F50F700CE5770 /* QuartzCore.framework */; };
		9B784AC41EA745D7007759B9 /* LinkRoomList.m in Sources */ = {isa = PBXBuildFile; fileRef = 9B784AC31EA745D7007759B9 /* LinkRoomList.m */; };
		9B861D841E0BB1AB00117EDC /* CreateRoomRequest.m in Sources */ = {isa = PBXBuildFile; fileRef = 9B861D6D1E0BB1AA00117EDC /* CreateRoomRequest.m */; };
		9B861D851E0BB1AB00117EDC /* ExitRoomRequest.m in Sources */ = {isa = PBXBuildFile; fileRef = 9B861D6F1E0BB1AA00117EDC /* ExitRoomRequest.m */; };
		9B861D861E0BB1AB00117EDC /* HostHeartBeatRequest.m in Sources */ = {isa = PBXBuildFile; fileRef = 9B861D711E0BB1AA00117EDC /* HostHeartBeatRequest.m */; };
		9B861D871E0BB1AB00117EDC /* LoginRequest.m in Sources */ = {isa = PBXBuildFile; fileRef = 9B861D731E0BB1AA00117EDC /* LoginRequest.m */; };
		9B861D881E0BB1AB00117EDC /* LogoutRequest.m in Sources */ = {isa = PBXBuildFile; fileRef = 9B861D751E0BB1AA00117EDC /* LogoutRequest.m */; };
		9B861D891E0BB1AB00117EDC /* RecordListRequest.m in Sources */ = {isa = PBXBuildFile; fileRef = 9B861D771E0BB1AA00117EDC /* RecordListRequest.m */; };
		9B861D8A1E0BB1AB00117EDC /* RecordReportRequest.m in Sources */ = {isa = PBXBuildFile; fileRef = 9B861D791E0BB1AA00117EDC /* RecordReportRequest.m */; };
		9B861D8B1E0BB1AB00117EDC /* RegistRequest.m in Sources */ = {isa = PBXBuildFile; fileRef = 9B861D7B1E0BB1AA00117EDC /* RegistRequest.m */; };
		9B861D8C1E0BB1AB00117EDC /* ReportMemIdRequest.m in Sources */ = {isa = PBXBuildFile; fileRef = 9B861D7D1E0BB1AA00117EDC /* ReportMemIdRequest.m */; };
		9B861D8D1E0BB1AB00117EDC /* ReportRoomRequest.m in Sources */ = {isa = PBXBuildFile; fileRef = 9B861D7F1E0BB1AA00117EDC /* ReportRoomRequest.m */; };
		9B861D8E1E0BB1AB00117EDC /* RoomListRequest.m in Sources */ = {isa = PBXBuildFile; fileRef = 9B861D811E0BB1AA00117EDC /* RoomListRequest.m */; };
		9B861D8F1E0BB1AB00117EDC /* RoomMemListRequest.m in Sources */ = {isa = PBXBuildFile; fileRef = 9B861D831E0BB1AA00117EDC /* RoomMemListRequest.m */; };
		9B9131881E0D3F3D00B784C6 /* DailyBuild-Info.plist in Resources */ = {isa = PBXBuildFile; fileRef = 9B9131871E0D3F3D00B784C6 /* DailyBuild-Info.plist */; };
		9B9E44341EE4F31C0033CC73 /* YTFaceSDK.licence in Resources */ = {isa = PBXBuildFile; fileRef = 9B9E44331EE4F31C0033CC73 /* YTFaceSDK.licence */; };
		9BA64FF91E796468007F2120 /* ProfileTableViewCell.m in Sources */ = {isa = PBXBuildFile; fileRef = 9BA64FF81E796468007F2120 /* ProfileTableViewCell.m */; };
		9BB03B9F1F389EF1003537E3 /* QAVSDK.framework in Frameworks */ = {isa = PBXBuildFile; fileRef = 9BB03B8B1F389EF1003537E3 /* QAVSDK.framework */; };
		9BB03BA11F389EF1003537E3 /* ILiveSDK.framework in Frameworks */ = {isa = PBXBuildFile; fileRef = 9BB03B8E1F389EF1003537E3 /* ILiveSDK.framework */; };
		9BB03BA21F389EF1003537E3 /* TILFilterResource.bundle in Resources */ = {isa = PBXBuildFile; fileRef = 9BB03B8F1F389EF1003537E3 /* TILFilterResource.bundle */; };
		9BB03BA31F389EF1003537E3 /* TILFilterSDK.framework in Frameworks */ = {isa = PBXBuildFile; fileRef = 9BB03B901F389EF1003537E3 /* TILFilterSDK.framework */; };
		9BB03BA41F389EF1003537E3 /* TILLiveSDK.framework in Frameworks */ = {isa = PBXBuildFile; fileRef = 9BB03B911F389EF1003537E3 /* TILLiveSDK.framework */; };
		9BB03BA51F389EF1003537E3 /* IMCore.framework in Frameworks */ = {isa = PBXBuildFile; fileRef = 9BB03B931F389EF1003537E3 /* IMCore.framework */; };
		9BB03BA61F389EF1003537E3 /* ImSDK.framework in Frameworks */ = {isa = PBXBuildFile; fileRef = 9BB03B941F389EF1003537E3 /* ImSDK.framework */; };
		9BB03BA71F389EF1003537E3 /* IMSDKBugly.framework in Frameworks */ = {isa = PBXBuildFile; fileRef = 9BB03B951F389EF1003537E3 /* IMSDKBugly.framework */; };
		9BB03BA81F389EF1003537E3 /* QALSDK.framework in Frameworks */ = {isa = PBXBuildFile; fileRef = 9BB03B961F389EF1003537E3 /* QALSDK.framework */; };
		9BB03BA91F389EF1003537E3 /* TLSSDK.framework in Frameworks */ = {isa = PBXBuildFile; fileRef = 9BB03B971F389EF1003537E3 /* TLSSDK.framework */; };
		9BB03BAA1F389EF1003537E3 /* DecoRes.bundle in Resources */ = {isa = PBXBuildFile; fileRef = 9BB03B991F389EF1003537E3 /* DecoRes.bundle */; };
		9BB03BAB1F389EF1003537E3 /* FilterRes.bundle in Resources */ = {isa = PBXBuildFile; fileRef = 9BB03B9A1F389EF1003537E3 /* FilterRes.bundle */; };
		9BB03BAC1F389EF1003537E3 /* opencv2.framework in Frameworks */ = {isa = PBXBuildFile; fileRef = 9BB03B9B1F389EF1003537E3 /* opencv2.framework */; };
		9BB03BAD1F389EF1003537E3 /* PE.dat in Resources */ = {isa = PBXBuildFile; fileRef = 9BB03B9C1F389EF1003537E3 /* PE.dat */; };
		9BB03BAE1F389EF1003537E3 /* QAVEffect.framework in Frameworks */ = {isa = PBXBuildFile; fileRef = 9BB03B9D1F389EF1003537E3 /* QAVEffect.framework */; };
		9BB03BAF1F389EF1003537E3 /* QAVEffectRes.bundle in Resources */ = {isa = PBXBuildFile; fileRef = 9BB03B9E1F389EF1003537E3 /* QAVEffectRes.bundle */; };
		9BB8232E1E1DE03500DD4076 /* AVKit.framework in Frameworks */ = {isa = PBXBuildFile; fileRef = 9BB8232D1E1DE03500DD4076 /* AVKit.framework */; };
		9BDA66BD1DD1F06C00E8638D /* SettingViewController.m in Sources */ = {isa = PBXBuildFile; fileRef = 9BDA66BC1DD1F06C00E8638D /* SettingViewController.m */; };
		9BDA66D21DD1F68C00E8638D /* BaseRequest.m in Sources */ = {isa = PBXBuildFile; fileRef = 9BDA66C01DD1F68C00E8638D /* BaseRequest.m */; };
		9BDA66D91DD1F68C00E8638D /* WebServiceEngine.m in Sources */ = {isa = PBXBuildFile; fileRef = 9BDA66D01DD1F68C00E8638D /* WebServiceEngine.m */; };
		9BDA66DC1DD1F6A000E8638D /* WebModels.m in Sources */ = {isa = PBXBuildFile; fileRef = 9BDA66DB1DD1F6A000E8638D /* WebModels.m */; };
		9BDA66E41DD21FEE00E8638D /* JSONKit.m in Sources */ = {isa = PBXBuildFile; fileRef = 9BDA66DF1DD21FEE00E8638D /* JSONKit.m */; settings = {COMPILER_FLAGS = "-fno-objc-arc"; }; };
		9BDA66E51DD21FEE00E8638D /* NSMutableDictionary+Json.m in Sources */ = {isa = PBXBuildFile; fileRef = 9BDA66E11DD21FEE00E8638D /* NSMutableDictionary+Json.m */; };
		9BDA66E61DD21FEE00E8638D /* NSObject+Json.m in Sources */ = {isa = PBXBuildFile; fileRef = 9BDA66E31DD21FEE00E8638D /* NSObject+Json.m */; };
		9BDA66EB1DD225A800E8638D /* UIView+CustomAutoLayout.m in Sources */ = {isa = PBXBuildFile; fileRef = 9BDA66EA1DD225A800E8638D /* UIView+CustomAutoLayout.m */; };
		9BDA66EE1DD22C2600E8638D /* PublishViewController.m in Sources */ = {isa = PBXBuildFile; fileRef = 9BDA66ED1DD22C2600E8638D /* PublishViewController.m */; };
		9BDA66F81DD2C49800E8638D /* UIImage+Common.m in Sources */ = {isa = PBXBuildFile; fileRef = 9BDA66F71DD2C49800E8638D /* UIImage+Common.m */; };
		9BDA670B1DD41EF600E8638D /* UIView+ShakeAnimation.m in Sources */ = {isa = PBXBuildFile; fileRef = 9BDA670A1DD41EF600E8638D /* UIView+ShakeAnimation.m */; };
		9BDA67151DD4C06500E8638D /* LoadView.m in Sources */ = {isa = PBXBuildFile; fileRef = 9BDA67141DD4C06500E8638D /* LoadView.m */; };
		9BDA93151DD05DB30026EF87 /* LoginViewController.m in Sources */ = {isa = PBXBuildFile; fileRef = 9BDA93141DD05DB30026EF87 /* LoginViewController.m */; };
		9BE14BBC1DD04404004B77E3 /* libsqlite3.tbd in Frameworks */ = {isa = PBXBuildFile; fileRef = 9BE14BA91DD04404004B77E3 /* libsqlite3.tbd */; };
		9BE14BBD1DD04404004B77E3 /* Foundation.framework in Frameworks */ = {isa = PBXBuildFile; fileRef = 9BE14BAA1DD04404004B77E3 /* Foundation.framework */; };
		9BE14BBE1DD04404004B77E3 /* CoreVideo.framework in Frameworks */ = {isa = PBXBuildFile; fileRef = 9BE14BAB1DD04404004B77E3 /* CoreVideo.framework */; };
		9BE14BBF1DD04404004B77E3 /* libstdc++.6.tbd in Frameworks */ = {isa = PBXBuildFile; fileRef = 9BE14BAC1DD04404004B77E3 /* libstdc++.6.tbd */; };
		9BE14BC01DD04404004B77E3 /* libz.tbd in Frameworks */ = {isa = PBXBuildFile; fileRef = 9BE14BAD1DD04404004B77E3 /* libz.tbd */; };
		9BE14BC11DD04404004B77E3 /* CoreGraphics.framework in Frameworks */ = {isa = PBXBuildFile; fileRef = 9BE14BAE1DD04404004B77E3 /* CoreGraphics.framework */; };
		9BE14BC21DD04404004B77E3 /* CoreMedia.framework in Frameworks */ = {isa = PBXBuildFile; fileRef = 9BE14BAF1DD04404004B77E3 /* CoreMedia.framework */; };
		9BE14BC31DD04404004B77E3 /* CoreTelephony.framework in Frameworks */ = {isa = PBXBuildFile; fileRef = 9BE14BB01DD04404004B77E3 /* CoreTelephony.framework */; };
		9BE14BC41DD04404004B77E3 /* SystemConfiguration.framework in Frameworks */ = {isa = PBXBuildFile; fileRef = 9BE14BB11DD04404004B77E3 /* SystemConfiguration.framework */; };
		9BE14BC51DD04404004B77E3 /* VideoToolbox.framework in Frameworks */ = {isa = PBXBuildFile; fileRef = 9BE14BB21DD04404004B77E3 /* VideoToolbox.framework */; };
		9BE14BC61DD04404004B77E3 /* libiconv.tbd in Frameworks */ = {isa = PBXBuildFile; fileRef = 9BE14BB31DD04404004B77E3 /* libiconv.tbd */; };
		9BE14BC71DD04404004B77E3 /* libstdc++.tbd in Frameworks */ = {isa = PBXBuildFile; fileRef = 9BE14BB41DD04404004B77E3 /* libstdc++.tbd */; };
		9BE14BC81DD04404004B77E3 /* UIKit.framework in Frameworks */ = {isa = PBXBuildFile; fileRef = 9BE14BB51DD04404004B77E3 /* UIKit.framework */; };
		9BE14BC91DD04404004B77E3 /* AVFoundation.framework in Frameworks */ = {isa = PBXBuildFile; fileRef = 9BE14BB61DD04404004B77E3 /* AVFoundation.framework */; };
		9BE14BCA1DD04404004B77E3 /* libc++.tbd in Frameworks */ = {isa = PBXBuildFile; fileRef = 9BE14BB71DD04404004B77E3 /* libc++.tbd */; };
		9BE14BCB1DD04404004B77E3 /* libresolv.tbd in Frameworks */ = {isa = PBXBuildFile; fileRef = 9BE14BB81DD04404004B77E3 /* libresolv.tbd */; };
		9BE14BCC1DD04404004B77E3 /* libbz2.tbd in Frameworks */ = {isa = PBXBuildFile; fileRef = 9BE14BB91DD04404004B77E3 /* libbz2.tbd */; };
		9BE14BCD1DD04404004B77E3 /* Accelerate.framework in Frameworks */ = {isa = PBXBuildFile; fileRef = 9BE14BBA1DD04404004B77E3 /* Accelerate.framework */; };
/* End PBXBuildFile section */

/* Begin PBXContainerItemProxy section */
		9B91318C1E0D41FF00B784C6 /* PBXContainerItemProxy */ = {
			isa = PBXContainerItemProxy;
			containerPortal = 9B68A4C21DD01AA30089786C /* Project object */;
			proxyType = 1;
			remoteGlobalIDString = 9B68A4C91DD01AA30089786C;
			remoteInfo = TILLiveSDKShow;
		};
/* End PBXContainerItemProxy section */

/* Begin PBXFileReference section */
		408BFE581E641BE4003C09E4 /* libicucore.tbd */ = {isa = PBXFileReference; lastKnownFileType = "sourcecode.text-based-dylib-definition"; name = libicucore.tbd; path = usr/lib/libicucore.tbd; sourceTree = SDKROOT; };
		408BFE5A1E641BFC003C09E4 /* JavaScriptCore.framework */ = {isa = PBXFileReference; lastKnownFileType = wrapper.framework; name = JavaScriptCore.framework; path = System/Library/Frameworks/JavaScriptCore.framework; sourceTree = SDKROOT; };
		408BFE5C1E641C27003C09E4 /* ImageIO.framework */ = {isa = PBXFileReference; lastKnownFileType = wrapper.framework; name = ImageIO.framework; path = System/Library/Frameworks/ImageIO.framework; sourceTree = SDKROOT; };
		9B0BB9231F7903CA004AD449 /* OpenAL.framework */ = {isa = PBXFileReference; lastKnownFileType = wrapper.framework; name = OpenAL.framework; path = System/Library/Frameworks/OpenAL.framework; sourceTree = SDKROOT; };
		9B2ACFFE1E24873400F5D3F7 /* LiveStreamListRequest.h */ = {isa = PBXFileReference; fileEncoding = 4; lastKnownFileType = sourcecode.c.h; path = LiveStreamListRequest.h; sourceTree = "<group>"; };
		9B2ACFFF1E24873400F5D3F7 /* LiveStreamListRequest.m */ = {isa = PBXFileReference; fileEncoding = 4; lastKnownFileType = sourcecode.c.objc; path = LiveStreamListRequest.m; sourceTree = "<group>"; };
		9B2AD0041E24893B00F5D3F7 /* LiveImageSignRequest.h */ = {isa = PBXFileReference; fileEncoding = 4; lastKnownFileType = sourcecode.c.h; path = LiveImageSignRequest.h; sourceTree = "<group>"; };
		9B2AD0051E24893B00F5D3F7 /* LiveImageSignRequest.m */ = {isa = PBXFileReference; fileEncoding = 4; lastKnownFileType = sourcecode.c.objc; path = LiveImageSignRequest.m; sourceTree = "<group>"; };
		9B2FF6DA1DD09F6F003CD319 /* RegistViewController.h */ = {isa = PBXFileReference; fileEncoding = 4; lastKnownFileType = sourcecode.c.h; path = RegistViewController.h; sourceTree = "<group>"; };
		9B2FF6DB1DD09F6F003CD319 /* RegistViewController.m */ = {isa = PBXFileReference; fileEncoding = 4; lastKnownFileType = sourcecode.c.objc; path = RegistViewController.m; sourceTree = "<group>"; };
		9B2FF6DD1DD0A7DC003CD319 /* LiveListViewController.h */ = {isa = PBXFileReference; fileEncoding = 4; lastKnownFileType = sourcecode.c.h; path = LiveListViewController.h; sourceTree = "<group>"; };
		9B2FF6DE1DD0A7DC003CD319 /* LiveListViewController.m */ = {isa = PBXFileReference; fileEncoding = 4; lastKnownFileType = sourcecode.c.objc; path = LiveListViewController.m; sourceTree = "<group>"; };
		9B2FF6E31DD0B2F1003CD319 /* Assets.xcassets */ = {isa = PBXFileReference; lastKnownFileType = folder.assetcatalog; path = Assets.xcassets; sourceTree = "<group>"; };
		9B2FF6E51DD0B372003CD319 /* TabbarController.h */ = {isa = PBXFileReference; fileEncoding = 4; lastKnownFileType = sourcecode.c.h; path = TabbarController.h; sourceTree = "<group>"; };
		9B2FF6E61DD0B372003CD319 /* TabbarController.m */ = {isa = PBXFileReference; fileEncoding = 4; lastKnownFileType = sourcecode.c.objc; path = TabbarController.m; sourceTree = "<group>"; };
		9B2FF6E81DD0B94E003CD319 /* LiveListTableViewCell.h */ = {isa = PBXFileReference; fileEncoding = 4; lastKnownFileType = sourcecode.c.h; path = LiveListTableViewCell.h; sourceTree = "<group>"; };
		9B2FF6E91DD0B94E003CD319 /* LiveListTableViewCell.m */ = {isa = PBXFileReference; fileEncoding = 4; lastKnownFileType = sourcecode.c.objc; path = LiveListTableViewCell.m; sourceTree = "<group>"; };
		9B3209E21ECD8BE8007773E0 /* LiveMainViewController.h */ = {isa = PBXFileReference; fileEncoding = 4; lastKnownFileType = sourcecode.c.h; path = LiveMainViewController.h; sourceTree = "<group>"; };
		9B3209E31ECD8BE8007773E0 /* LiveMainViewController.m */ = {isa = PBXFileReference; fileEncoding = 4; lastKnownFileType = sourcecode.c.objc; path = LiveMainViewController.m; sourceTree = "<group>"; };
		9B3209E41ECD8BE8007773E0 /* RecordListTableViewCell.h */ = {isa = PBXFileReference; fileEncoding = 4; lastKnownFileType = sourcecode.c.h; path = RecordListTableViewCell.h; sourceTree = "<group>"; };
		9B3209E51ECD8BE8007773E0 /* RecordListTableViewCell.m */ = {isa = PBXFileReference; fileEncoding = 4; lastKnownFileType = sourcecode.c.objc; path = RecordListTableViewCell.m; sourceTree = "<group>"; };
		9B3209E61ECD8BE8007773E0 /* RecordListViewController.h */ = {isa = PBXFileReference; fileEncoding = 4; lastKnownFileType = sourcecode.c.h; path = RecordListViewController.h; sourceTree = "<group>"; };
		9B3209E71ECD8BE8007773E0 /* RecordListViewController.m */ = {isa = PBXFileReference; fileEncoding = 4; lastKnownFileType = sourcecode.c.objc; path = RecordListViewController.m; sourceTree = "<group>"; };
		9B458D001E812D30001DDB53 /* UIColor+MLPFlatColors.h */ = {isa = PBXFileReference; fileEncoding = 4; lastKnownFileType = sourcecode.c.h; path = "UIColor+MLPFlatColors.h"; sourceTree = "<group>"; };
		9B458D011E812D30001DDB53 /* UIColor+MLPFlatColors.m */ = {isa = PBXFileReference; fileEncoding = 4; lastKnownFileType = sourcecode.c.objc; path = "UIColor+MLPFlatColors.m"; sourceTree = "<group>"; };
		9B458D021E812D30001DDB53 /* UIImage+TintColor.h */ = {isa = PBXFileReference; fileEncoding = 4; lastKnownFileType = sourcecode.c.h; path = "UIImage+TintColor.h"; sourceTree = "<group>"; };
		9B458D031E812D30001DDB53 /* UIImage+TintColor.m */ = {isa = PBXFileReference; fileEncoding = 4; lastKnownFileType = sourcecode.c.objc; path = "UIImage+TintColor.m"; sourceTree = "<group>"; };
		9B458D0A1E814D5C001DDB53 /* LiveViewController.h */ = {isa = PBXFileReference; fileEncoding = 4; lastKnownFileType = sourcecode.c.h; path = LiveViewController.h; sourceTree = "<group>"; };
		9B458D0B1E814D5C001DDB53 /* LiveViewController.m */ = {isa = PBXFileReference; fileEncoding = 4; lastKnownFileType = sourcecode.c.objc; path = LiveViewController.m; sourceTree = "<group>"; };
		9B458D0C1E814D5C001DDB53 /* LiveViewController+AVListener.h */ = {isa = PBXFileReference; fileEncoding = 4; lastKnownFileType = sourcecode.c.h; path = "LiveViewController+AVListener.h"; sourceTree = "<group>"; };
		9B458D0D1E814D5C001DDB53 /* LiveViewController+AVListener.m */ = {isa = PBXFileReference; fileEncoding = 4; lastKnownFileType = sourcecode.c.objc; path = "LiveViewController+AVListener.m"; sourceTree = "<group>"; };
		9B458D0E1E814D5C001DDB53 /* LiveViewController+ImListener.h */ = {isa = PBXFileReference; fileEncoding = 4; lastKnownFileType = sourcecode.c.h; path = "LiveViewController+ImListener.h"; sourceTree = "<group>"; };
		9B458D0F1E814D5C001DDB53 /* LiveViewController+ImListener.m */ = {isa = PBXFileReference; fileEncoding = 4; lastKnownFileType = sourcecode.c.objc; path = "LiveViewController+ImListener.m"; sourceTree = "<group>"; };
		9B458D111E814D5C001DDB53 /* LiveCallView.h */ = {isa = PBXFileReference; fileEncoding = 4; lastKnownFileType = sourcecode.c.h; path = LiveCallView.h; sourceTree = "<group>"; };
		9B458D121E814D5C001DDB53 /* LiveCallView.m */ = {isa = PBXFileReference; fileEncoding = 4; lastKnownFileType = sourcecode.c.objc; path = LiveCallView.m; sourceTree = "<group>"; };
		9B458D131E814D5C001DDB53 /* LiveUIBttomView.h */ = {isa = PBXFileReference; fileEncoding = 4; lastKnownFileType = sourcecode.c.h; path = LiveUIBttomView.h; sourceTree = "<group>"; };
		9B458D141E814D5C001DDB53 /* LiveUIBttomView.m */ = {isa = PBXFileReference; fileEncoding = 4; lastKnownFileType = sourcecode.c.objc; path = LiveUIBttomView.m; sourceTree = "<group>"; };
		9B458D151E814D5C001DDB53 /* LiveUIParView.h */ = {isa = PBXFileReference; fileEncoding = 4; lastKnownFileType = sourcecode.c.h; path = LiveUIParView.h; sourceTree = "<group>"; };
		9B458D161E814D5C001DDB53 /* LiveUIParView.m */ = {isa = PBXFileReference; fileEncoding = 4; lastKnownFileType = sourcecode.c.objc; path = LiveUIParView.m; sourceTree = "<group>"; };
		9B458D171E814D5C001DDB53 /* LiveUITopView.h */ = {isa = PBXFileReference; fileEncoding = 4; lastKnownFileType = sourcecode.c.h; path = LiveUITopView.h; sourceTree = "<group>"; };
		9B458D181E814D5C001DDB53 /* LiveUITopView.m */ = {isa = PBXFileReference; fileEncoding = 4; lastKnownFileType = sourcecode.c.objc; path = LiveUITopView.m; sourceTree = "<group>"; };
		9B458D1B1E814D5C001DDB53 /* MemberListCell.h */ = {isa = PBXFileReference; fileEncoding = 4; lastKnownFileType = sourcecode.c.h; path = MemberListCell.h; sourceTree = "<group>"; };
		9B458D1C1E814D5C001DDB53 /* MemberListCell.m */ = {isa = PBXFileReference; fileEncoding = 4; lastKnownFileType = sourcecode.c.objc; path = MemberListCell.m; sourceTree = "<group>"; };
		9B458D1D1E814D5C001DDB53 /* MsgInputView.h */ = {isa = PBXFileReference; fileEncoding = 4; lastKnownFileType = sourcecode.c.h; path = MsgInputView.h; sourceTree = "<group>"; };
		9B458D1E1E814D5C001DDB53 /* MsgInputView.m */ = {isa = PBXFileReference; fileEncoding = 4; lastKnownFileType = sourcecode.c.objc; path = MsgInputView.m; sourceTree = "<group>"; };
		9B458D1F1E814D5C001DDB53 /* MsgTableViewCell.h */ = {isa = PBXFileReference; fileEncoding = 4; lastKnownFileType = sourcecode.c.h; path = MsgTableViewCell.h; sourceTree = "<group>"; };
		9B458D201E814D5C001DDB53 /* MsgTableViewCell.m */ = {isa = PBXFileReference; fileEncoding = 4; lastKnownFileType = sourcecode.c.objc; path = MsgTableViewCell.m; sourceTree = "<group>"; };
		9B458D211E814D5C001DDB53 /* ReportView.h */ = {isa = PBXFileReference; fileEncoding = 4; lastKnownFileType = sourcecode.c.h; path = ReportView.h; sourceTree = "<group>"; };
		9B458D221E814D5C001DDB53 /* ReportView.m */ = {isa = PBXFileReference; fileEncoding = 4; lastKnownFileType = sourcecode.c.objc; path = ReportView.m; sourceTree = "<group>"; };
		9B458D231E814D5C001DDB53 /* SetBeautyView.h */ = {isa = PBXFileReference; fileEncoding = 4; lastKnownFileType = sourcecode.c.h; path = SetBeautyView.h; sourceTree = "<group>"; };
		9B458D241E814D5C001DDB53 /* SetBeautyView.m */ = {isa = PBXFileReference; fileEncoding = 4; lastKnownFileType = sourcecode.c.objc; path = SetBeautyView.m; sourceTree = "<group>"; };
		9B458D3B1E814DC8001DDB53 /* UserProtocol.html */ = {isa = PBXFileReference; fileEncoding = 4; lastKnownFileType = text.html; path = UserProtocol.html; sourceTree = "<group>"; };
		9B458D3C1E814DC8001DDB53 /* UserProtocolViewController.h */ = {isa = PBXFileReference; fileEncoding = 4; lastKnownFileType = sourcecode.c.h; path = UserProtocolViewController.h; sourceTree = "<group>"; };
		9B458D3D1E814DC8001DDB53 /* UserProtocolViewController.m */ = {isa = PBXFileReference; fileEncoding = 4; lastKnownFileType = sourcecode.c.objc; path = UserProtocolViewController.m; sourceTree = "<group>"; };
		9B458D3E1E814DC8001DDB53 /* UserProtocolViewController.xib */ = {isa = PBXFileReference; fileEncoding = 4; lastKnownFileType = file.xib; path = UserProtocolViewController.xib; sourceTree = "<group>"; };
		9B458D421E814E0A001DDB53 /* UserViewManager.h */ = {isa = PBXFileReference; fileEncoding = 4; lastKnownFileType = sourcecode.c.h; path = UserViewManager.h; sourceTree = "<group>"; };
		9B458D431E814E0A001DDB53 /* UserViewManager.m */ = {isa = PBXFileReference; fileEncoding = 4; lastKnownFileType = sourcecode.c.objc; path = UserViewManager.m; sourceTree = "<group>"; };
		9B458D8A1E8151CB001DDB53 /* COSClient.h */ = {isa = PBXFileReference; fileEncoding = 4; lastKnownFileType = sourcecode.c.h; path = COSClient.h; sourceTree = "<group>"; };
		9B458D8B1E8151CB001DDB53 /* COSTask.h */ = {isa = PBXFileReference; fileEncoding = 4; lastKnownFileType = sourcecode.c.h; path = COSTask.h; sourceTree = "<group>"; };
		9B458D8C1E8151CB001DDB53 /* libCOSClient.a */ = {isa = PBXFileReference; lastKnownFileType = archive.ar; path = libCOSClient.a; sourceTree = "<group>"; };
		9B458DCB1E8152E0001DDB53 /* UploadImageHelper.h */ = {isa = PBXFileReference; fileEncoding = 4; lastKnownFileType = sourcecode.c.h; path = UploadImageHelper.h; sourceTree = "<group>"; };
		9B458DCC1E8152E0001DDB53 /* UploadImageHelper.m */ = {isa = PBXFileReference; fileEncoding = 4; lastKnownFileType = sourcecode.c.objc; path = UploadImageHelper.m; sourceTree = "<group>"; };
		9B458DCE1E815339001DDB53 /* LiveViewController+UI.h */ = {isa = PBXFileReference; fileEncoding = 4; lastKnownFileType = sourcecode.c.h; path = "LiveViewController+UI.h"; sourceTree = "<group>"; };
		9B458DCF1E815339001DDB53 /* LiveViewController+UI.m */ = {isa = PBXFileReference; fileEncoding = 4; lastKnownFileType = sourcecode.c.objc; path = "LiveViewController+UI.m"; sourceTree = "<group>"; };
		9B68A4CA1DD01AA30089786C /* TILLiveSDKShow.app */ = {isa = PBXFileReference; explicitFileType = wrapper.application; includeInIndex = 0; path = TILLiveSDKShow.app; sourceTree = BUILT_PRODUCTS_DIR; };
		9B68A4CE1DD01AA30089786C /* main.m */ = {isa = PBXFileReference; lastKnownFileType = sourcecode.c.objc; path = main.m; sourceTree = "<group>"; };
		9B68A4D01DD01AA30089786C /* AppDelegate.h */ = {isa = PBXFileReference; lastKnownFileType = sourcecode.c.h; path = AppDelegate.h; sourceTree = "<group>"; };
		9B68A4D11DD01AA30089786C /* AppDelegate.m */ = {isa = PBXFileReference; lastKnownFileType = sourcecode.c.objc; path = AppDelegate.m; sourceTree = "<group>"; };
		9B68A4DC1DD01AA30089786C /* Base */ = {isa = PBXFileReference; lastKnownFileType = file.storyboard; name = Base; path = Base.lproj/LaunchScreen.storyboard; sourceTree = "<group>"; };
		9B68A4DE1DD01AA30089786C /* Info.plist */ = {isa = PBXFileReference; lastKnownFileType = text.plist.xml; path = Info.plist; sourceTree = "<group>"; };
		9B6DAD861F2F2C51002896E8 /* ShareSDK.framework */ = {isa = PBXFileReference; lastKnownFileType = wrapper.framework; path = ShareSDK.framework; sourceTree = "<group>"; };
		9B6DAD891F2F2C51002896E8 /* ShareSDKConfigFile.bundle */ = {isa = PBXFileReference; lastKnownFileType = "wrapper.plug-in"; path = ShareSDKConfigFile.bundle; sourceTree = "<group>"; };
		9B6DAD8A1F2F2C51002896E8 /* ShareSDKConfigFile.framework */ = {isa = PBXFileReference; lastKnownFileType = wrapper.framework; path = ShareSDKConfigFile.framework; sourceTree = "<group>"; };
		9B6DAD8B1F2F2C51002896E8 /* ShareSDKExtension.framework */ = {isa = PBXFileReference; lastKnownFileType = wrapper.framework; path = ShareSDKExtension.framework; sourceTree = "<group>"; };
		9B6DAD8C1F2F2C51002896E8 /* ShareSDKUI.bundle */ = {isa = PBXFileReference; lastKnownFileType = "wrapper.plug-in"; path = ShareSDKUI.bundle; sourceTree = "<group>"; };
		9B6DAD8D1F2F2C51002896E8 /* ShareSDKUI.framework */ = {isa = PBXFileReference; lastKnownFileType = wrapper.framework; path = ShareSDKUI.framework; sourceTree = "<group>"; };
		9B6DAD8F1F2F2C51002896E8 /* WechatConnector.framework */ = {isa = PBXFileReference; lastKnownFileType = wrapper.framework; path = WechatConnector.framework; sourceTree = "<group>"; };
		9B6DAD921F2F2C51002896E8 /* libWeChatSDK.a */ = {isa = PBXFileReference; lastKnownFileType = archive.ar; path = libWeChatSDK.a; sourceTree = "<group>"; };
		9B6DAD931F2F2C51002896E8 /* README.txt */ = {isa = PBXFileReference; fileEncoding = 4; lastKnownFileType = text; path = README.txt; sourceTree = "<group>"; };
		9B6DAD941F2F2C51002896E8 /* WechatAuthSDK.h */ = {isa = PBXFileReference; fileEncoding = 4; lastKnownFileType = sourcecode.c.h; path = WechatAuthSDK.h; sourceTree = "<group>"; };
		9B6DAD951F2F2C51002896E8 /* WXApi.h */ = {isa = PBXFileReference; fileEncoding = 4; lastKnownFileType = sourcecode.c.h; path = WXApi.h; sourceTree = "<group>"; };
		9B6DAD961F2F2C51002896E8 /* WXApiObject.h */ = {isa = PBXFileReference; fileEncoding = 4; lastKnownFileType = sourcecode.c.h; path = WXApiObject.h; sourceTree = "<group>"; };
		9B6DAD981F2F2C51002896E8 /* MOBFoundation.framework */ = {isa = PBXFileReference; lastKnownFileType = wrapper.framework; path = MOBFoundation.framework; sourceTree = "<group>"; };
		9B6DAD991F2F2C51002896E8 /* ShareSDK.bundle */ = {isa = PBXFileReference; lastKnownFileType = "wrapper.plug-in"; path = ShareSDK.bundle; sourceTree = "<group>"; };
		9B6DAD9A1F2F2C51002896E8 /* ShareSDKConnector.framework */ = {isa = PBXFileReference; lastKnownFileType = wrapper.framework; path = ShareSDKConnector.framework; sourceTree = "<group>"; };
		9B6F01E61E9F2CF200CE5770 /* LinkRoomSigRequest.h */ = {isa = PBXFileReference; fileEncoding = 4; lastKnownFileType = sourcecode.c.h; path = LinkRoomSigRequest.h; sourceTree = "<group>"; };
		9B6F01E71E9F2CF200CE5770 /* LinkRoomSigRequest.m */ = {isa = PBXFileReference; fileEncoding = 4; lastKnownFileType = sourcecode.c.objc; path = LinkRoomSigRequest.m; sourceTree = "<group>"; };
		9B6F01EA1E9F2D5A00CE5770 /* AlertHelp.h */ = {isa = PBXFileReference; fileEncoding = 4; lastKnownFileType = sourcecode.c.h; path = AlertHelp.h; sourceTree = "<group>"; };
		9B6F01EB1E9F2D5A00CE5770 /* AlertHelp.m */ = {isa = PBXFileReference; fileEncoding = 4; lastKnownFileType = sourcecode.c.objc; path = AlertHelp.m; sourceTree = "<group>"; };
		9B6F01ED1E9F2D9F00CE5770 /* EnvInfoView.h */ = {isa = PBXFileReference; fileEncoding = 4; lastKnownFileType = sourcecode.c.h; path = EnvInfoView.h; sourceTree = "<group>"; };
		9B6F01EE1E9F2D9F00CE5770 /* EnvInfoView.m */ = {isa = PBXFileReference; fileEncoding = 4; lastKnownFileType = sourcecode.c.objc; path = EnvInfoView.m; sourceTree = "<group>"; };
		9B6F01EF1E9F2D9F00CE5770 /* MoreFunView.m */ = {isa = PBXFileReference; fileEncoding = 4; lastKnownFileType = sourcecode.c.objc; path = MoreFunView.m; sourceTree = "<group>"; };
		9B6F01F01E9F2D9F00CE5770 /* MoreFunView.h */ = {isa = PBXFileReference; fileEncoding = 4; lastKnownFileType = sourcecode.c.h; path = MoreFunView.h; sourceTree = "<group>"; };
		9B6F01F31E9F2DAB00CE5770 /* LiveViewController+Audio.h */ = {isa = PBXFileReference; fileEncoding = 4; lastKnownFileType = sourcecode.c.h; path = "LiveViewController+Audio.h"; sourceTree = "<group>"; };
		9B6F01F41E9F2DAB00CE5770 /* LiveViewController+Audio.m */ = {isa = PBXFileReference; fileEncoding = 4; lastKnownFileType = sourcecode.c.objc; path = "LiveViewController+Audio.m"; sourceTree = "<group>"; };
		9B6F02281E9F508200CE5770 /* AssetsLibrary.framework */ = {isa = PBXFileReference; lastKnownFileType = wrapper.framework; name = AssetsLibrary.framework; path = System/Library/Frameworks/AssetsLibrary.framework; sourceTree = SDKROOT; };
		9B6F022A1E9F50EC00CE5770 /* OpenGLES.framework */ = {isa = PBXFileReference; lastKnownFileType = wrapper.framework; name = OpenGLES.framework; path = System/Library/Frameworks/OpenGLES.framework; sourceTree = SDKROOT; };
		9B6F022C1E9F50F700CE5770 /* QuartzCore.framework */ = {isa = PBXFileReference; lastKnownFileType = wrapper.framework; name = QuartzCore.framework; path = System/Library/Frameworks/QuartzCore.framework; sourceTree = SDKROOT; };
		9B784AC21EA745D7007759B9 /* LinkRoomList.h */ = {isa = PBXFileReference; fileEncoding = 4; lastKnownFileType = sourcecode.c.h; path = LinkRoomList.h; sourceTree = "<group>"; };
		9B784AC31EA745D7007759B9 /* LinkRoomList.m */ = {isa = PBXFileReference; fileEncoding = 4; lastKnownFileType = sourcecode.c.objc; path = LinkRoomList.m; sourceTree = "<group>"; };
		9B861D6C1E0BB1AA00117EDC /* CreateRoomRequest.h */ = {isa = PBXFileReference; fileEncoding = 4; lastKnownFileType = sourcecode.c.h; path = CreateRoomRequest.h; sourceTree = "<group>"; };
		9B861D6D1E0BB1AA00117EDC /* CreateRoomRequest.m */ = {isa = PBXFileReference; fileEncoding = 4; lastKnownFileType = sourcecode.c.objc; path = CreateRoomRequest.m; sourceTree = "<group>"; };
		9B861D6E1E0BB1AA00117EDC /* ExitRoomRequest.h */ = {isa = PBXFileReference; fileEncoding = 4; lastKnownFileType = sourcecode.c.h; path = ExitRoomRequest.h; sourceTree = "<group>"; };
		9B861D6F1E0BB1AA00117EDC /* ExitRoomRequest.m */ = {isa = PBXFileReference; fileEncoding = 4; lastKnownFileType = sourcecode.c.objc; path = ExitRoomRequest.m; sourceTree = "<group>"; };
		9B861D701E0BB1AA00117EDC /* HostHeartBeatRequest.h */ = {isa = PBXFileReference; fileEncoding = 4; lastKnownFileType = sourcecode.c.h; path = HostHeartBeatRequest.h; sourceTree = "<group>"; };
		9B861D711E0BB1AA00117EDC /* HostHeartBeatRequest.m */ = {isa = PBXFileReference; fileEncoding = 4; lastKnownFileType = sourcecode.c.objc; path = HostHeartBeatRequest.m; sourceTree = "<group>"; };
		9B861D721E0BB1AA00117EDC /* LoginRequest.h */ = {isa = PBXFileReference; fileEncoding = 4; lastKnownFileType = sourcecode.c.h; path = LoginRequest.h; sourceTree = "<group>"; };
		9B861D731E0BB1AA00117EDC /* LoginRequest.m */ = {isa = PBXFileReference; fileEncoding = 4; lastKnownFileType = sourcecode.c.objc; path = LoginRequest.m; sourceTree = "<group>"; };
		9B861D741E0BB1AA00117EDC /* LogoutRequest.h */ = {isa = PBXFileReference; fileEncoding = 4; lastKnownFileType = sourcecode.c.h; path = LogoutRequest.h; sourceTree = "<group>"; };
		9B861D751E0BB1AA00117EDC /* LogoutRequest.m */ = {isa = PBXFileReference; fileEncoding = 4; lastKnownFileType = sourcecode.c.objc; path = LogoutRequest.m; sourceTree = "<group>"; };
		9B861D761E0BB1AA00117EDC /* RecordListRequest.h */ = {isa = PBXFileReference; fileEncoding = 4; lastKnownFileType = sourcecode.c.h; path = RecordListRequest.h; sourceTree = "<group>"; };
		9B861D771E0BB1AA00117EDC /* RecordListRequest.m */ = {isa = PBXFileReference; fileEncoding = 4; lastKnownFileType = sourcecode.c.objc; path = RecordListRequest.m; sourceTree = "<group>"; };
		9B861D781E0BB1AA00117EDC /* RecordReportRequest.h */ = {isa = PBXFileReference; fileEncoding = 4; lastKnownFileType = sourcecode.c.h; path = RecordReportRequest.h; sourceTree = "<group>"; };
		9B861D791E0BB1AA00117EDC /* RecordReportRequest.m */ = {isa = PBXFileReference; fileEncoding = 4; lastKnownFileType = sourcecode.c.objc; path = RecordReportRequest.m; sourceTree = "<group>"; };
		9B861D7A1E0BB1AA00117EDC /* RegistRequest.h */ = {isa = PBXFileReference; fileEncoding = 4; lastKnownFileType = sourcecode.c.h; path = RegistRequest.h; sourceTree = "<group>"; };
		9B861D7B1E0BB1AA00117EDC /* RegistRequest.m */ = {isa = PBXFileReference; fileEncoding = 4; lastKnownFileType = sourcecode.c.objc; path = RegistRequest.m; sourceTree = "<group>"; };
		9B861D7C1E0BB1AA00117EDC /* ReportMemIdRequest.h */ = {isa = PBXFileReference; fileEncoding = 4; lastKnownFileType = sourcecode.c.h; path = ReportMemIdRequest.h; sourceTree = "<group>"; };
		9B861D7D1E0BB1AA00117EDC /* ReportMemIdRequest.m */ = {isa = PBXFileReference; fileEncoding = 4; lastKnownFileType = sourcecode.c.objc; path = ReportMemIdRequest.m; sourceTree = "<group>"; };
		9B861D7E1E0BB1AA00117EDC /* ReportRoomRequest.h */ = {isa = PBXFileReference; fileEncoding = 4; lastKnownFileType = sourcecode.c.h; path = ReportRoomRequest.h; sourceTree = "<group>"; };
		9B861D7F1E0BB1AA00117EDC /* ReportRoomRequest.m */ = {isa = PBXFileReference; fileEncoding = 4; lastKnownFileType = sourcecode.c.objc; path = ReportRoomRequest.m; sourceTree = "<group>"; };
		9B861D801E0BB1AA00117EDC /* RoomListRequest.h */ = {isa = PBXFileReference; fileEncoding = 4; lastKnownFileType = sourcecode.c.h; path = RoomListRequest.h; sourceTree = "<group>"; };
		9B861D811E0BB1AA00117EDC /* RoomListRequest.m */ = {isa = PBXFileReference; fileEncoding = 4; lastKnownFileType = sourcecode.c.objc; path = RoomListRequest.m; sourceTree = "<group>"; };
		9B861D821E0BB1AA00117EDC /* RoomMemListRequest.h */ = {isa = PBXFileReference; fileEncoding = 4; lastKnownFileType = sourcecode.c.h; path = RoomMemListRequest.h; sourceTree = "<group>"; };
		9B861D831E0BB1AA00117EDC /* RoomMemListRequest.m */ = {isa = PBXFileReference; fileEncoding = 4; lastKnownFileType = sourcecode.c.objc; path = RoomMemListRequest.m; sourceTree = "<group>"; };
		9B9131871E0D3F3D00B784C6 /* DailyBuild-Info.plist */ = {isa = PBXFileReference; fileEncoding = 4; lastKnownFileType = text.plist.xml; path = "DailyBuild-Info.plist"; sourceTree = "<group>"; };
		9B9E44331EE4F31C0033CC73 /* YTFaceSDK.licence */ = {isa = PBXFileReference; lastKnownFileType = file; path = YTFaceSDK.licence; sourceTree = "<group>"; };
		9BA64FF71E796468007F2120 /* ProfileTableViewCell.h */ = {isa = PBXFileReference; fileEncoding = 4; lastKnownFileType = sourcecode.c.h; path = ProfileTableViewCell.h; sourceTree = "<group>"; };
		9BA64FF81E796468007F2120 /* ProfileTableViewCell.m */ = {isa = PBXFileReference; fileEncoding = 4; lastKnownFileType = sourcecode.c.objc; path = ProfileTableViewCell.m; sourceTree = "<group>"; };
		9BB03B8B1F389EF1003537E3 /* QAVSDK.framework */ = {isa = PBXFileReference; lastKnownFileType = wrapper.framework; path = QAVSDK.framework; sourceTree = "<group>"; };
		9BB03B8E1F389EF1003537E3 /* ILiveSDK.framework */ = {isa = PBXFileReference; lastKnownFileType = wrapper.framework; path = ILiveSDK.framework; sourceTree = "<group>"; };
		9BB03B8F1F389EF1003537E3 /* TILFilterResource.bundle */ = {isa = PBXFileReference; lastKnownFileType = "wrapper.plug-in"; path = TILFilterResource.bundle; sourceTree = "<group>"; };
		9BB03B901F389EF1003537E3 /* TILFilterSDK.framework */ = {isa = PBXFileReference; lastKnownFileType = wrapper.framework; path = TILFilterSDK.framework; sourceTree = "<group>"; };
		9BB03B911F389EF1003537E3 /* TILLiveSDK.framework */ = {isa = PBXFileReference; lastKnownFileType = wrapper.framework; path = TILLiveSDK.framework; sourceTree = "<group>"; };
		9BB03B931F389EF1003537E3 /* IMCore.framework */ = {isa = PBXFileReference; lastKnownFileType = wrapper.framework; path = IMCore.framework; sourceTree = "<group>"; };
		9BB03B941F389EF1003537E3 /* ImSDK.framework */ = {isa = PBXFileReference; lastKnownFileType = wrapper.framework; path = ImSDK.framework; sourceTree = "<group>"; };
		9BB03B951F389EF1003537E3 /* IMSDKBugly.framework */ = {isa = PBXFileReference; lastKnownFileType = wrapper.framework; path = IMSDKBugly.framework; sourceTree = "<group>"; };
		9BB03B961F389EF1003537E3 /* QALSDK.framework */ = {isa = PBXFileReference; lastKnownFileType = wrapper.framework; path = QALSDK.framework; sourceTree = "<group>"; };
		9BB03B971F389EF1003537E3 /* TLSSDK.framework */ = {isa = PBXFileReference; lastKnownFileType = wrapper.framework; path = TLSSDK.framework; sourceTree = "<group>"; };
		9BB03B991F389EF1003537E3 /* DecoRes.bundle */ = {isa = PBXFileReference; lastKnownFileType = "wrapper.plug-in"; path = DecoRes.bundle; sourceTree = "<group>"; };
		9BB03B9A1F389EF1003537E3 /* FilterRes.bundle */ = {isa = PBXFileReference; lastKnownFileType = "wrapper.plug-in"; path = FilterRes.bundle; sourceTree = "<group>"; };
		9BB03B9B1F389EF1003537E3 /* opencv2.framework */ = {isa = PBXFileReference; lastKnownFileType = wrapper.framework; path = opencv2.framework; sourceTree = "<group>"; };
		9BB03B9C1F389EF1003537E3 /* PE.dat */ = {isa = PBXFileReference; lastKnownFileType = file; path = PE.dat; sourceTree = "<group>"; };
		9BB03B9D1F389EF1003537E3 /* QAVEffect.framework */ = {isa = PBXFileReference; lastKnownFileType = wrapper.framework; path = QAVEffect.framework; sourceTree = "<group>"; };
		9BB03B9E1F389EF1003537E3 /* QAVEffectRes.bundle */ = {isa = PBXFileReference; lastKnownFileType = "wrapper.plug-in"; path = QAVEffectRes.bundle; sourceTree = "<group>"; };
		9BB8232D1E1DE03500DD4076 /* AVKit.framework */ = {isa = PBXFileReference; lastKnownFileType = wrapper.framework; name = AVKit.framework; path = System/Library/Frameworks/AVKit.framework; sourceTree = SDKROOT; };
		9BDA66BB1DD1F06C00E8638D /* SettingViewController.h */ = {isa = PBXFileReference; fileEncoding = 4; lastKnownFileType = sourcecode.c.h; path = SettingViewController.h; sourceTree = "<group>"; };
		9BDA66BC1DD1F06C00E8638D /* SettingViewController.m */ = {isa = PBXFileReference; fileEncoding = 4; lastKnownFileType = sourcecode.c.objc; path = SettingViewController.m; sourceTree = "<group>"; };
		9BDA66BF1DD1F68C00E8638D /* BaseRequest.h */ = {isa = PBXFileReference; fileEncoding = 4; lastKnownFileType = sourcecode.c.h; path = BaseRequest.h; sourceTree = "<group>"; };
		9BDA66C01DD1F68C00E8638D /* BaseRequest.m */ = {isa = PBXFileReference; fileEncoding = 4; lastKnownFileType = sourcecode.c.objc; path = BaseRequest.m; sourceTree = "<group>"; };
		9BDA66CE1DD1F68C00E8638D /* RequestHeader.h */ = {isa = PBXFileReference; fileEncoding = 4; lastKnownFileType = sourcecode.c.h; path = RequestHeader.h; sourceTree = "<group>"; };
		9BDA66CF1DD1F68C00E8638D /* WebServiceEngine.h */ = {isa = PBXFileReference; fileEncoding = 4; lastKnownFileType = sourcecode.c.h; path = WebServiceEngine.h; sourceTree = "<group>"; };
		9BDA66D01DD1F68C00E8638D /* WebServiceEngine.m */ = {isa = PBXFileReference; fileEncoding = 4; lastKnownFileType = sourcecode.c.objc; path = WebServiceEngine.m; sourceTree = "<group>"; };
		9BDA66D11DD1F68C00E8638D /* WebServiceHeader.h */ = {isa = PBXFileReference; fileEncoding = 4; lastKnownFileType = sourcecode.c.h; path = WebServiceHeader.h; sourceTree = "<group>"; };
		9BDA66DA1DD1F6A000E8638D /* WebModels.h */ = {isa = PBXFileReference; fileEncoding = 4; lastKnownFileType = sourcecode.c.h; path = WebModels.h; sourceTree = "<group>"; };
		9BDA66DB1DD1F6A000E8638D /* WebModels.m */ = {isa = PBXFileReference; fileEncoding = 4; lastKnownFileType = sourcecode.c.objc; path = WebModels.m; sourceTree = "<group>"; };
		9BDA66DE1DD21FEE00E8638D /* JSONKit.h */ = {isa = PBXFileReference; fileEncoding = 4; lastKnownFileType = sourcecode.c.h; path = JSONKit.h; sourceTree = "<group>"; };
		9BDA66DF1DD21FEE00E8638D /* JSONKit.m */ = {isa = PBXFileReference; fileEncoding = 4; lastKnownFileType = sourcecode.c.objc; path = JSONKit.m; sourceTree = "<group>"; };
		9BDA66E01DD21FEE00E8638D /* NSMutableDictionary+Json.h */ = {isa = PBXFileReference; fileEncoding = 4; lastKnownFileType = sourcecode.c.h; path = "NSMutableDictionary+Json.h"; sourceTree = "<group>"; };
		9BDA66E11DD21FEE00E8638D /* NSMutableDictionary+Json.m */ = {isa = PBXFileReference; fileEncoding = 4; lastKnownFileType = sourcecode.c.objc; path = "NSMutableDictionary+Json.m"; sourceTree = "<group>"; };
		9BDA66E21DD21FEE00E8638D /* NSObject+Json.h */ = {isa = PBXFileReference; fileEncoding = 4; lastKnownFileType = sourcecode.c.h; path = "NSObject+Json.h"; sourceTree = "<group>"; };
		9BDA66E31DD21FEE00E8638D /* NSObject+Json.m */ = {isa = PBXFileReference; fileEncoding = 4; lastKnownFileType = sourcecode.c.objc; path = "NSObject+Json.m"; sourceTree = "<group>"; };
		9BDA66E71DD2206F00E8638D /* ARCCompile.h */ = {isa = PBXFileReference; fileEncoding = 4; lastKnownFileType = sourcecode.c.h; path = ARCCompile.h; sourceTree = "<group>"; };
		9BDA66E91DD225A800E8638D /* UIView+CustomAutoLayout.h */ = {isa = PBXFileReference; fileEncoding = 4; lastKnownFileType = sourcecode.c.h; path = "UIView+CustomAutoLayout.h"; sourceTree = "<group>"; };
		9BDA66EA1DD225A800E8638D /* UIView+CustomAutoLayout.m */ = {isa = PBXFileReference; fileEncoding = 4; lastKnownFileType = sourcecode.c.objc; path = "UIView+CustomAutoLayout.m"; sourceTree = "<group>"; };
		9BDA66EC1DD22C2600E8638D /* PublishViewController.h */ = {isa = PBXFileReference; fileEncoding = 4; lastKnownFileType = sourcecode.c.h; path = PublishViewController.h; sourceTree = "<group>"; };
		9BDA66ED1DD22C2600E8638D /* PublishViewController.m */ = {isa = PBXFileReference; fileEncoding = 4; lastKnownFileType = sourcecode.c.objc; path = PublishViewController.m; sourceTree = "<group>"; };
		9BDA66F61DD2C49800E8638D /* UIImage+Common.h */ = {isa = PBXFileReference; fileEncoding = 4; lastKnownFileType = sourcecode.c.h; path = "UIImage+Common.h"; sourceTree = "<group>"; };
		9BDA66F71DD2C49800E8638D /* UIImage+Common.m */ = {isa = PBXFileReference; fileEncoding = 4; lastKnownFileType = sourcecode.c.objc; path = "UIImage+Common.m"; sourceTree = "<group>"; };
		9BDA66F91DD2C4E300E8638D /* CategoryHeader.h */ = {isa = PBXFileReference; fileEncoding = 4; lastKnownFileType = sourcecode.c.h; path = CategoryHeader.h; sourceTree = "<group>"; };
		9BDA67091DD41EF600E8638D /* UIView+ShakeAnimation.h */ = {isa = PBXFileReference; fileEncoding = 4; lastKnownFileType = sourcecode.c.h; path = "UIView+ShakeAnimation.h"; sourceTree = "<group>"; };
		9BDA670A1DD41EF600E8638D /* UIView+ShakeAnimation.m */ = {isa = PBXFileReference; fileEncoding = 4; lastKnownFileType = sourcecode.c.objc; path = "UIView+ShakeAnimation.m"; sourceTree = "<group>"; };
		9BDA67131DD4C06500E8638D /* LoadView.h */ = {isa = PBXFileReference; fileEncoding = 4; lastKnownFileType = sourcecode.c.h; path = LoadView.h; sourceTree = "<group>"; };
		9BDA67141DD4C06500E8638D /* LoadView.m */ = {isa = PBXFileReference; fileEncoding = 4; lastKnownFileType = sourcecode.c.objc; path = LoadView.m; sourceTree = "<group>"; };
		9BDA67161DD4C07A00E8638D /* CustomUIHeader.h */ = {isa = PBXFileReference; fileEncoding = 4; lastKnownFileType = sourcecode.c.h; path = CustomUIHeader.h; sourceTree = "<group>"; };
		9BDA930E1DD05AAD0026EF87 /* TILLiveSDKShow-Prefix.pch */ = {isa = PBXFileReference; fileEncoding = 4; lastKnownFileType = sourcecode.c.h; path = "TILLiveSDKShow-Prefix.pch"; sourceTree = "<group>"; };
		9BDA93131DD05DB30026EF87 /* LoginViewController.h */ = {isa = PBXFileReference; fileEncoding = 4; lastKnownFileType = sourcecode.c.h; path = LoginViewController.h; sourceTree = "<group>"; };
		9BDA93141DD05DB30026EF87 /* LoginViewController.m */ = {isa = PBXFileReference; fileEncoding = 4; lastKnownFileType = sourcecode.c.objc; path = LoginViewController.m; sourceTree = "<group>"; };
		9BDA93161DD067F80026EF87 /* ConstHeader.h */ = {isa = PBXFileReference; fileEncoding = 4; lastKnownFileType = sourcecode.c.h; path = ConstHeader.h; sourceTree = "<group>"; };
		9BE14BA91DD04404004B77E3 /* libsqlite3.tbd */ = {isa = PBXFileReference; fileEncoding = 4; lastKnownFileType = "sourcecode.text-based-dylib-definition"; name = libsqlite3.tbd; path = usr/lib/libsqlite3.tbd; sourceTree = SDKROOT; };
		9BE14BAA1DD04404004B77E3 /* Foundation.framework */ = {isa = PBXFileReference; lastKnownFileType = wrapper.framework; name = Foundation.framework; path = System/Library/Frameworks/Foundation.framework; sourceTree = SDKROOT; };
		9BE14BAB1DD04404004B77E3 /* CoreVideo.framework */ = {isa = PBXFileReference; lastKnownFileType = wrapper.framework; name = CoreVideo.framework; path = System/Library/Frameworks/CoreVideo.framework; sourceTree = SDKROOT; };
		9BE14BAC1DD04404004B77E3 /* libstdc++.6.tbd */ = {isa = PBXFileReference; fileEncoding = 4; lastKnownFileType = "sourcecode.text-based-dylib-definition"; name = "libstdc++.6.tbd"; path = "usr/lib/libstdc++.6.tbd"; sourceTree = SDKROOT; };
		9BE14BAD1DD04404004B77E3 /* libz.tbd */ = {isa = PBXFileReference; fileEncoding = 4; lastKnownFileType = "sourcecode.text-based-dylib-definition"; name = libz.tbd; path = usr/lib/libz.tbd; sourceTree = SDKROOT; };
		9BE14BAE1DD04404004B77E3 /* CoreGraphics.framework */ = {isa = PBXFileReference; lastKnownFileType = wrapper.framework; name = CoreGraphics.framework; path = System/Library/Frameworks/CoreGraphics.framework; sourceTree = SDKROOT; };
		9BE14BAF1DD04404004B77E3 /* CoreMedia.framework */ = {isa = PBXFileReference; lastKnownFileType = wrapper.framework; name = CoreMedia.framework; path = System/Library/Frameworks/CoreMedia.framework; sourceTree = SDKROOT; };
		9BE14BB01DD04404004B77E3 /* CoreTelephony.framework */ = {isa = PBXFileReference; lastKnownFileType = wrapper.framework; name = CoreTelephony.framework; path = System/Library/Frameworks/CoreTelephony.framework; sourceTree = SDKROOT; };
		9BE14BB11DD04404004B77E3 /* SystemConfiguration.framework */ = {isa = PBXFileReference; lastKnownFileType = wrapper.framework; name = SystemConfiguration.framework; path = System/Library/Frameworks/SystemConfiguration.framework; sourceTree = SDKROOT; };
		9BE14BB21DD04404004B77E3 /* VideoToolbox.framework */ = {isa = PBXFileReference; lastKnownFileType = wrapper.framework; name = VideoToolbox.framework; path = System/Library/Frameworks/VideoToolbox.framework; sourceTree = SDKROOT; };
		9BE14BB31DD04404004B77E3 /* libiconv.tbd */ = {isa = PBXFileReference; fileEncoding = 4; lastKnownFileType = "sourcecode.text-based-dylib-definition"; name = libiconv.tbd; path = usr/lib/libiconv.tbd; sourceTree = SDKROOT; };
		9BE14BB41DD04404004B77E3 /* libstdc++.tbd */ = {isa = PBXFileReference; fileEncoding = 4; lastKnownFileType = "sourcecode.text-based-dylib-definition"; name = "libstdc++.tbd"; path = "usr/lib/libstdc++.tbd"; sourceTree = SDKROOT; };
		9BE14BB51DD04404004B77E3 /* UIKit.framework */ = {isa = PBXFileReference; lastKnownFileType = wrapper.framework; name = UIKit.framework; path = System/Library/Frameworks/UIKit.framework; sourceTree = SDKROOT; };
		9BE14BB61DD04404004B77E3 /* AVFoundation.framework */ = {isa = PBXFileReference; lastKnownFileType = wrapper.framework; name = AVFoundation.framework; path = System/Library/Frameworks/AVFoundation.framework; sourceTree = SDKROOT; };
		9BE14BB71DD04404004B77E3 /* libc++.tbd */ = {isa = PBXFileReference; fileEncoding = 4; lastKnownFileType = "sourcecode.text-based-dylib-definition"; name = "libc++.tbd"; path = "usr/lib/libc++.tbd"; sourceTree = SDKROOT; };
		9BE14BB81DD04404004B77E3 /* libresolv.tbd */ = {isa = PBXFileReference; fileEncoding = 4; lastKnownFileType = "sourcecode.text-based-dylib-definition"; name = libresolv.tbd; path = usr/lib/libresolv.tbd; sourceTree = SDKROOT; };
		9BE14BB91DD04404004B77E3 /* libbz2.tbd */ = {isa = PBXFileReference; fileEncoding = 4; lastKnownFileType = "sourcecode.text-based-dylib-definition"; name = libbz2.tbd; path = usr/lib/libbz2.tbd; sourceTree = SDKROOT; };
		9BE14BBA1DD04404004B77E3 /* Accelerate.framework */ = {isa = PBXFileReference; lastKnownFileType = wrapper.framework; name = Accelerate.framework; path = System/Library/Frameworks/Accelerate.framework; sourceTree = SDKROOT; };
/* End PBXFileReference section */

/* Begin PBXFrameworksBuildPhase section */
		9B68A4C71DD01AA30089786C /* Frameworks */ = {
			isa = PBXFrameworksBuildPhase;
			buildActionMask = 2147483647;
			files = (
				9B0BB9241F7903CA004AD449 /* OpenAL.framework in Frameworks */,
				9B6F022D1E9F50F700CE5770 /* QuartzCore.framework in Frameworks */,
				9B6F022B1E9F50EC00CE5770 /* OpenGLES.framework in Frameworks */,
				9B6F02291E9F508200CE5770 /* AssetsLibrary.framework in Frameworks */,
				9BB03BAC1F389EF1003537E3 /* opencv2.framework in Frameworks */,
				9B6DAD9B1F2F2C51002896E8 /* ShareSDK.framework in Frameworks */,
				9B6DADA61F2F2C51002896E8 /* ShareSDKConnector.framework in Frameworks */,
				9B458DB71E8151CB001DDB53 /* libCOSClient.a in Frameworks */,
				408BFE5D1E641C27003C09E4 /* ImageIO.framework in Frameworks */,
				408BFE5B1E641BFC003C09E4 /* JavaScriptCore.framework in Frameworks */,
				9BB8232E1E1DE03500DD4076 /* AVKit.framework in Frameworks */,
				9BE14BC81DD04404004B77E3 /* UIKit.framework in Frameworks */,
				9BE14BC11DD04404004B77E3 /* CoreGraphics.framework in Frameworks */,
				9BB03B9F1F389EF1003537E3 /* QAVSDK.framework in Frameworks */,
				9BE14BC41DD04404004B77E3 /* SystemConfiguration.framework in Frameworks */,
				9BE14BC51DD04404004B77E3 /* VideoToolbox.framework in Frameworks */,
				9BE14BBD1DD04404004B77E3 /* Foundation.framework in Frameworks */,
				9BE14BC91DD04404004B77E3 /* AVFoundation.framework in Frameworks */,
				9BB03BA91F389EF1003537E3 /* TLSSDK.framework in Frameworks */,
				9BE14BC31DD04404004B77E3 /* CoreTelephony.framework in Frameworks */,
				9B6DADA01F2F2C51002896E8 /* ShareSDKUI.framework in Frameworks */,
				9BB03BA71F389EF1003537E3 /* IMSDKBugly.framework in Frameworks */,
				9BB03BA61F389EF1003537E3 /* ImSDK.framework in Frameworks */,
				9BB03BA81F389EF1003537E3 /* QALSDK.framework in Frameworks */,
				9BE14BBE1DD04404004B77E3 /* CoreVideo.framework in Frameworks */,
				9BE14BC21DD04404004B77E3 /* CoreMedia.framework in Frameworks */,
				9BB03BAE1F389EF1003537E3 /* QAVEffect.framework in Frameworks */,
				9BE14BCD1DD04404004B77E3 /* Accelerate.framework in Frameworks */,
				408BFE591E641BE4003C09E4 /* libicucore.tbd in Frameworks */,
				9BE14BC01DD04404004B77E3 /* libz.tbd in Frameworks */,
				9BE14BC71DD04404004B77E3 /* libstdc++.tbd in Frameworks */,
				9BE14BBC1DD04404004B77E3 /* libsqlite3.tbd in Frameworks */,
				9BE14BCB1DD04404004B77E3 /* libresolv.tbd in Frameworks */,
				9BB03BA51F389EF1003537E3 /* IMCore.framework in Frameworks */,
				9B6DADA11F2F2C51002896E8 /* WechatConnector.framework in Frameworks */,
				9B6DAD9E1F2F2C51002896E8 /* ShareSDKExtension.framework in Frameworks */,
				9BB03BA31F389EF1003537E3 /* TILFilterSDK.framework in Frameworks */,
				9BE14BCC1DD04404004B77E3 /* libbz2.tbd in Frameworks */,
				9BE14BCA1DD04404004B77E3 /* libc++.tbd in Frameworks */,
				9B6DADA21F2F2C51002896E8 /* libWeChatSDK.a in Frameworks */,
				9B6DAD9D1F2F2C51002896E8 /* ShareSDKConfigFile.framework in Frameworks */,
				9BB03BA11F389EF1003537E3 /* ILiveSDK.framework in Frameworks */,
				9BB03BA41F389EF1003537E3 /* TILLiveSDK.framework in Frameworks */,
				9BE14BBF1DD04404004B77E3 /* libstdc++.6.tbd in Frameworks */,
				9B6DADA41F2F2C51002896E8 /* MOBFoundation.framework in Frameworks */,
				9BE14BC61DD04404004B77E3 /* libiconv.tbd in Frameworks */,
			);
			runOnlyForDeploymentPostprocessing = 0;
		};
/* End PBXFrameworksBuildPhase section */

/* Begin PBXGroup section */
		9B2FF7481DD0CBFE003CD319 /* Setting */ = {
			isa = PBXGroup;
			children = (
				9BA64FF71E796468007F2120 /* ProfileTableViewCell.h */,
				9BA64FF81E796468007F2120 /* ProfileTableViewCell.m */,
				9BDA66BB1DD1F06C00E8638D /* SettingViewController.h */,
				9BDA66BC1DD1F06C00E8638D /* SettingViewController.m */,
			);
			path = Setting;
			sourceTree = "<group>";
		};
		9B458D091E812E94001DDB53 /* Live */ = {
			isa = PBXGroup;
			children = (
				9B458D101E814D5C001DDB53 /* Unit */,
				9B458D421E814E0A001DDB53 /* UserViewManager.h */,
				9B458D431E814E0A001DDB53 /* UserViewManager.m */,
				9B458D0A1E814D5C001DDB53 /* LiveViewController.h */,
				9B458D0B1E814D5C001DDB53 /* LiveViewController.m */,
				9B458DCE1E815339001DDB53 /* LiveViewController+UI.h */,
				9B458DCF1E815339001DDB53 /* LiveViewController+UI.m */,
				9B458D0C1E814D5C001DDB53 /* LiveViewController+AVListener.h */,
				9B458D0D1E814D5C001DDB53 /* LiveViewController+AVListener.m */,
				9B458D0E1E814D5C001DDB53 /* LiveViewController+ImListener.h */,
				9B458D0F1E814D5C001DDB53 /* LiveViewController+ImListener.m */,
				9B6F01F31E9F2DAB00CE5770 /* LiveViewController+Audio.h */,
				9B6F01F41E9F2DAB00CE5770 /* LiveViewController+Audio.m */,
			);
			path = Live;
			sourceTree = "<group>";
		};
		9B458D101E814D5C001DDB53 /* Unit */ = {
			isa = PBXGroup;
			children = (
				9B784AC21EA745D7007759B9 /* LinkRoomList.h */,
				9B784AC31EA745D7007759B9 /* LinkRoomList.m */,
				9B6F01ED1E9F2D9F00CE5770 /* EnvInfoView.h */,
				9B6F01EE1E9F2D9F00CE5770 /* EnvInfoView.m */,
				9B6F01EF1E9F2D9F00CE5770 /* MoreFunView.m */,
				9B6F01F01E9F2D9F00CE5770 /* MoreFunView.h */,
				9B458D111E814D5C001DDB53 /* LiveCallView.h */,
				9B458D121E814D5C001DDB53 /* LiveCallView.m */,
				9B458D131E814D5C001DDB53 /* LiveUIBttomView.h */,
				9B458D141E814D5C001DDB53 /* LiveUIBttomView.m */,
				9B458D151E814D5C001DDB53 /* LiveUIParView.h */,
				9B458D161E814D5C001DDB53 /* LiveUIParView.m */,
				9B458D171E814D5C001DDB53 /* LiveUITopView.h */,
				9B458D181E814D5C001DDB53 /* LiveUITopView.m */,
				9B458D1B1E814D5C001DDB53 /* MemberListCell.h */,
				9B458D1C1E814D5C001DDB53 /* MemberListCell.m */,
				9B458D1D1E814D5C001DDB53 /* MsgInputView.h */,
				9B458D1E1E814D5C001DDB53 /* MsgInputView.m */,
				9B458D1F1E814D5C001DDB53 /* MsgTableViewCell.h */,
				9B458D201E814D5C001DDB53 /* MsgTableViewCell.m */,
				9B458D211E814D5C001DDB53 /* ReportView.h */,
				9B458D221E814D5C001DDB53 /* ReportView.m */,
				9B458D231E814D5C001DDB53 /* SetBeautyView.h */,
				9B458D241E814D5C001DDB53 /* SetBeautyView.m */,
			);
			path = Unit;
			sourceTree = "<group>";
		};
		9B458D3A1E814DC8001DDB53 /* UserProtocol */ = {
			isa = PBXGroup;
			children = (
				9B458D3B1E814DC8001DDB53 /* UserProtocol.html */,
				9B458D3C1E814DC8001DDB53 /* UserProtocolViewController.h */,
				9B458D3D1E814DC8001DDB53 /* UserProtocolViewController.m */,
				9B458D3E1E814DC8001DDB53 /* UserProtocolViewController.xib */,
			);
			path = UserProtocol;
			sourceTree = "<group>";
		};
		9B458D881E8151CB001DDB53 /* ThirdSDK */ = {
			isa = PBXGroup;
			children = (
				9B6DAD851F2F2C51002896E8 /* ShareSDK */,
				9B458D891E8151CB001DDB53 /* COS_SDK */,
			);
			path = ThirdSDK;
			sourceTree = "<group>";
		};
		9B458D891E8151CB001DDB53 /* COS_SDK */ = {
			isa = PBXGroup;
			children = (
				9B458D8A1E8151CB001DDB53 /* COSClient.h */,
				9B458D8B1E8151CB001DDB53 /* COSTask.h */,
				9B458D8C1E8151CB001DDB53 /* libCOSClient.a */,
			);
			path = COS_SDK;
			sourceTree = "<group>";
		};
		9B68A4C11DD01AA30089786C = {
			isa = PBXGroup;
			children = (
				9B8208261EB87B7B001A62F7 /* Frameworks */,
				9BE14BA71DD043D7004B77E3 /* SystemLibrarys */,
				9B68A4CC1DD01AA30089786C /* TILLiveSDKShow */,
			);
			sourceTree = "<group>";
		};
		9B68A4CB1DD01AA30089786C /* Products */ = {
			isa = PBXGroup;
			children = (
				9B68A4CA1DD01AA30089786C /* TILLiveSDKShow.app */,
			);
			name = Products;
			path = ..;
			sourceTree = "<group>";
		};
		9B68A4CC1DD01AA30089786C /* TILLiveSDKShow */ = {
			isa = PBXGroup;
			children = (
				9B458D881E8151CB001DDB53 /* ThirdSDK */,
				9B458D3A1E814DC8001DDB53 /* UserProtocol */,
				9BDA67121DD4C06500E8638D /* CustomUI */,
				9BDA66E81DD225A800E8638D /* Category */,
				9BDA66BE1DD1F4EE00E8638D /* WebService */,
				9BE14B861DD04001004B77E3 /* Login */,
				9BE14B851DD04001004B77E3 /* LiveList */,
				9BDA930F1DD05B860026EF87 /* Publish */,
				9B458D091E812E94001DDB53 /* Live */,
				9B2FF7481DD0CBFE003CD319 /* Setting */,
				9B2FF6E51DD0B372003CD319 /* TabbarController.h */,
				9B2FF6E61DD0B372003CD319 /* TabbarController.m */,
				9B68A4D01DD01AA30089786C /* AppDelegate.h */,
				9B68A4D11DD01AA30089786C /* AppDelegate.m */,
				9BDA93161DD067F80026EF87 /* ConstHeader.h */,
				9B68A4DB1DD01AA30089786C /* LaunchScreen.storyboard */,
				9B68A4DE1DD01AA30089786C /* Info.plist */,
				9B9E44331EE4F31C0033CC73 /* YTFaceSDK.licence */,
				9B9131871E0D3F3D00B784C6 /* DailyBuild-Info.plist */,
				9B2FF6E31DD0B2F1003CD319 /* Assets.xcassets */,
				9B68A4CD1DD01AA30089786C /* Supporting Files */,
				9B68A4CB1DD01AA30089786C /* Products */,
			);
			path = TILLiveSDKShow;
			sourceTree = "<group>";
		};
		9B68A4CD1DD01AA30089786C /* Supporting Files */ = {
			isa = PBXGroup;
			children = (
				9B68A4CE1DD01AA30089786C /* main.m */,
				9BDA930E1DD05AAD0026EF87 /* TILLiveSDKShow-Prefix.pch */,
			);
			name = "Supporting Files";
			sourceTree = "<group>";
		};
		9B6DAD851F2F2C51002896E8 /* ShareSDK */ = {
			isa = PBXGroup;
			children = (
				9B6DAD861F2F2C51002896E8 /* ShareSDK.framework */,
				9B6DAD871F2F2C51002896E8 /* Support */,
			);
			path = ShareSDK;
			sourceTree = "<group>";
		};
		9B6DAD871F2F2C51002896E8 /* Support */ = {
			isa = PBXGroup;
			children = (
				9B6DAD881F2F2C51002896E8 /* Optional */,
				9B6DAD8E1F2F2C51002896E8 /* PlatformConnector */,
				9B6DAD901F2F2C51002896E8 /* PlatformSDK */,
				9B6DAD971F2F2C51002896E8 /* Required */,
			);
			path = Support;
			sourceTree = "<group>";
		};
		9B6DAD881F2F2C51002896E8 /* Optional */ = {
			isa = PBXGroup;
			children = (
				9B6DAD891F2F2C51002896E8 /* ShareSDKConfigFile.bundle */,
				9B6DAD8A1F2F2C51002896E8 /* ShareSDKConfigFile.framework */,
				9B6DAD8B1F2F2C51002896E8 /* ShareSDKExtension.framework */,
				9B6DAD8C1F2F2C51002896E8 /* ShareSDKUI.bundle */,
				9B6DAD8D1F2F2C51002896E8 /* ShareSDKUI.framework */,
			);
			path = Optional;
			sourceTree = "<group>";
		};
		9B6DAD8E1F2F2C51002896E8 /* PlatformConnector */ = {
			isa = PBXGroup;
			children = (
				9B6DAD8F1F2F2C51002896E8 /* WechatConnector.framework */,
			);
			path = PlatformConnector;
			sourceTree = "<group>";
		};
		9B6DAD901F2F2C51002896E8 /* PlatformSDK */ = {
			isa = PBXGroup;
			children = (
				9B6DAD911F2F2C51002896E8 /* WeChatSDK */,
			);
			path = PlatformSDK;
			sourceTree = "<group>";
		};
		9B6DAD911F2F2C51002896E8 /* WeChatSDK */ = {
			isa = PBXGroup;
			children = (
				9B6DAD921F2F2C51002896E8 /* libWeChatSDK.a */,
				9B6DAD931F2F2C51002896E8 /* README.txt */,
				9B6DAD941F2F2C51002896E8 /* WechatAuthSDK.h */,
				9B6DAD951F2F2C51002896E8 /* WXApi.h */,
				9B6DAD961F2F2C51002896E8 /* WXApiObject.h */,
			);
			path = WeChatSDK;
			sourceTree = "<group>";
		};
		9B6DAD971F2F2C51002896E8 /* Required */ = {
			isa = PBXGroup;
			children = (
				9B6DAD981F2F2C51002896E8 /* MOBFoundation.framework */,
				9B6DAD991F2F2C51002896E8 /* ShareSDK.bundle */,
				9B6DAD9A1F2F2C51002896E8 /* ShareSDKConnector.framework */,
			);
			path = Required;
			sourceTree = "<group>";
		};
		9B6F01E91E9F2D5A00CE5770 /* AlertHelp */ = {
			isa = PBXGroup;
			children = (
				9B6F01EA1E9F2D5A00CE5770 /* AlertHelp.h */,
				9B6F01EB1E9F2D5A00CE5770 /* AlertHelp.m */,
			);
			path = AlertHelp;
			sourceTree = "<group>";
		};
		9B8208261EB87B7B001A62F7 /* Frameworks */ = {
			isa = PBXGroup;
			children = (
				9BB03B8A1F389EF1003537E3 /* AVSDK */,
				9BB03B8D1F389EF1003537E3 /* ILiveSDK */,
				9BB03B921F389EF1003537E3 /* IMSDK */,
				9BB03B981F389EF1003537E3 /* QAVEffect */,
			);
			path = Frameworks;
			sourceTree = "<group>";
		};
		9BB03B8A1F389EF1003537E3 /* AVSDK */ = {
			isa = PBXGroup;
			children = (
				9BB03B8B1F389EF1003537E3 /* QAVSDK.framework */,
			);
			path = AVSDK;
			sourceTree = "<group>";
		};
		9BB03B8D1F389EF1003537E3 /* ILiveSDK */ = {
			isa = PBXGroup;
			children = (
				9BB03B8E1F389EF1003537E3 /* ILiveSDK.framework */,
				9BB03B8F1F389EF1003537E3 /* TILFilterResource.bundle */,
				9BB03B901F389EF1003537E3 /* TILFilterSDK.framework */,
				9BB03B911F389EF1003537E3 /* TILLiveSDK.framework */,
			);
			path = ILiveSDK;
			sourceTree = "<group>";
		};
		9BB03B921F389EF1003537E3 /* IMSDK */ = {
			isa = PBXGroup;
			children = (
				9BB03B931F389EF1003537E3 /* IMCore.framework */,
				9BB03B941F389EF1003537E3 /* ImSDK.framework */,
				9BB03B951F389EF1003537E3 /* IMSDKBugly.framework */,
				9BB03B961F389EF1003537E3 /* QALSDK.framework */,
				9BB03B971F389EF1003537E3 /* TLSSDK.framework */,
			);
			path = IMSDK;
			sourceTree = "<group>";
		};
		9BB03B981F389EF1003537E3 /* QAVEffect */ = {
			isa = PBXGroup;
			children = (
				9BB03B991F389EF1003537E3 /* DecoRes.bundle */,
				9BB03B9A1F389EF1003537E3 /* FilterRes.bundle */,
				9BB03B9B1F389EF1003537E3 /* opencv2.framework */,
				9BB03B9C1F389EF1003537E3 /* PE.dat */,
				9BB03B9D1F389EF1003537E3 /* QAVEffect.framework */,
				9BB03B9E1F389EF1003537E3 /* QAVEffectRes.bundle */,
			);
			path = QAVEffect;
			sourceTree = "<group>";
		};
		9BDA66BE1DD1F4EE00E8638D /* WebService */ = {
			isa = PBXGroup;
			children = (
				9BDA66E71DD2206F00E8638D /* ARCCompile.h */,
				9BDA66DD1DD21FEE00E8638D /* JSON */,
				9BDA66C11DD1F68C00E8638D /* Request */,
				9BDA66DA1DD1F6A000E8638D /* WebModels.h */,
				9BDA66DB1DD1F6A000E8638D /* WebModels.m */,
				9BDA66BF1DD1F68C00E8638D /* BaseRequest.h */,
				9BDA66C01DD1F68C00E8638D /* BaseRequest.m */,
				9BDA66CF1DD1F68C00E8638D /* WebServiceEngine.h */,
				9BDA66D01DD1F68C00E8638D /* WebServiceEngine.m */,
				9BDA66D11DD1F68C00E8638D /* WebServiceHeader.h */,
			);
			path = WebService;
			sourceTree = "<group>";
		};
		9BDA66C11DD1F68C00E8638D /* Request */ = {
			isa = PBXGroup;
			children = (
				9B6F01E61E9F2CF200CE5770 /* LinkRoomSigRequest.h */,
				9B6F01E71E9F2CF200CE5770 /* LinkRoomSigRequest.m */,
				9B2AD0041E24893B00F5D3F7 /* LiveImageSignRequest.h */,
				9B2AD0051E24893B00F5D3F7 /* LiveImageSignRequest.m */,
				9B2ACFFE1E24873400F5D3F7 /* LiveStreamListRequest.h */,
				9B2ACFFF1E24873400F5D3F7 /* LiveStreamListRequest.m */,
				9B861D6C1E0BB1AA00117EDC /* CreateRoomRequest.h */,
				9B861D6D1E0BB1AA00117EDC /* CreateRoomRequest.m */,
				9B861D6E1E0BB1AA00117EDC /* ExitRoomRequest.h */,
				9B861D6F1E0BB1AA00117EDC /* ExitRoomRequest.m */,
				9B861D701E0BB1AA00117EDC /* HostHeartBeatRequest.h */,
				9B861D711E0BB1AA00117EDC /* HostHeartBeatRequest.m */,
				9B861D721E0BB1AA00117EDC /* LoginRequest.h */,
				9B861D731E0BB1AA00117EDC /* LoginRequest.m */,
				9B861D741E0BB1AA00117EDC /* LogoutRequest.h */,
				9B861D751E0BB1AA00117EDC /* LogoutRequest.m */,
				9B861D761E0BB1AA00117EDC /* RecordListRequest.h */,
				9B861D771E0BB1AA00117EDC /* RecordListRequest.m */,
				9B861D781E0BB1AA00117EDC /* RecordReportRequest.h */,
				9B861D791E0BB1AA00117EDC /* RecordReportRequest.m */,
				9B861D7A1E0BB1AA00117EDC /* RegistRequest.h */,
				9B861D7B1E0BB1AA00117EDC /* RegistRequest.m */,
				9B861D7C1E0BB1AA00117EDC /* ReportMemIdRequest.h */,
				9B861D7D1E0BB1AA00117EDC /* ReportMemIdRequest.m */,
				9B861D7E1E0BB1AA00117EDC /* ReportRoomRequest.h */,
				9B861D7F1E0BB1AA00117EDC /* ReportRoomRequest.m */,
				9B861D801E0BB1AA00117EDC /* RoomListRequest.h */,
				9B861D811E0BB1AA00117EDC /* RoomListRequest.m */,
				9B861D821E0BB1AA00117EDC /* RoomMemListRequest.h */,
				9B861D831E0BB1AA00117EDC /* RoomMemListRequest.m */,
				9BDA66CE1DD1F68C00E8638D /* RequestHeader.h */,
			);
			path = Request;
			sourceTree = "<group>";
		};
		9BDA66DD1DD21FEE00E8638D /* JSON */ = {
			isa = PBXGroup;
			children = (
				9BDA66DE1DD21FEE00E8638D /* JSONKit.h */,
				9BDA66DF1DD21FEE00E8638D /* JSONKit.m */,
				9BDA66E01DD21FEE00E8638D /* NSMutableDictionary+Json.h */,
				9BDA66E11DD21FEE00E8638D /* NSMutableDictionary+Json.m */,
				9BDA66E21DD21FEE00E8638D /* NSObject+Json.h */,
				9BDA66E31DD21FEE00E8638D /* NSObject+Json.m */,
			);
			path = JSON;
			sourceTree = "<group>";
		};
		9BDA66E81DD225A800E8638D /* Category */ = {
			isa = PBXGroup;
			children = (
				9B458D001E812D30001DDB53 /* UIColor+MLPFlatColors.h */,
				9B458D011E812D30001DDB53 /* UIColor+MLPFlatColors.m */,
				9B458D021E812D30001DDB53 /* UIImage+TintColor.h */,
				9B458D031E812D30001DDB53 /* UIImage+TintColor.m */,
				9BDA66E91DD225A800E8638D /* UIView+CustomAutoLayout.h */,
				9BDA66EA1DD225A800E8638D /* UIView+CustomAutoLayout.m */,
				9BDA66F61DD2C49800E8638D /* UIImage+Common.h */,
				9BDA66F71DD2C49800E8638D /* UIImage+Common.m */,
				9BDA66F91DD2C4E300E8638D /* CategoryHeader.h */,
				9BDA67091DD41EF600E8638D /* UIView+ShakeAnimation.h */,
				9BDA670A1DD41EF600E8638D /* UIView+ShakeAnimation.m */,
			);
			path = Category;
			sourceTree = "<group>";
		};
		9BDA67121DD4C06500E8638D /* CustomUI */ = {
			isa = PBXGroup;
			children = (
				9B6F01E91E9F2D5A00CE5770 /* AlertHelp */,
				9BDA67131DD4C06500E8638D /* LoadView.h */,
				9BDA67141DD4C06500E8638D /* LoadView.m */,
				9BDA67161DD4C07A00E8638D /* CustomUIHeader.h */,
			);
			path = CustomUI;
			sourceTree = "<group>";
		};
		9BDA930F1DD05B860026EF87 /* Publish */ = {
			isa = PBXGroup;
			children = (
				9B458DCB1E8152E0001DDB53 /* UploadImageHelper.h */,
				9B458DCC1E8152E0001DDB53 /* UploadImageHelper.m */,
				9BDA66EC1DD22C2600E8638D /* PublishViewController.h */,
				9BDA66ED1DD22C2600E8638D /* PublishViewController.m */,
			);
			path = Publish;
			sourceTree = "<group>";
		};
		9BE14B851DD04001004B77E3 /* LiveList */ = {
			isa = PBXGroup;
			children = (
				9B3209E21ECD8BE8007773E0 /* LiveMainViewController.h */,
				9B3209E31ECD8BE8007773E0 /* LiveMainViewController.m */,
				9B2FF6DD1DD0A7DC003CD319 /* LiveListViewController.h */,
				9B2FF6DE1DD0A7DC003CD319 /* LiveListViewController.m */,
				9B2FF6E81DD0B94E003CD319 /* LiveListTableViewCell.h */,
				9B2FF6E91DD0B94E003CD319 /* LiveListTableViewCell.m */,
				9B3209E61ECD8BE8007773E0 /* RecordListViewController.h */,
				9B3209E71ECD8BE8007773E0 /* RecordListViewController.m */,
				9B3209E41ECD8BE8007773E0 /* RecordListTableViewCell.h */,
				9B3209E51ECD8BE8007773E0 /* RecordListTableViewCell.m */,
			);
			path = LiveList;
			sourceTree = "<group>";
		};
		9BE14B861DD04001004B77E3 /* Login */ = {
			isa = PBXGroup;
			children = (
				9BDA93131DD05DB30026EF87 /* LoginViewController.h */,
				9BDA93141DD05DB30026EF87 /* LoginViewController.m */,
				9B2FF6DA1DD09F6F003CD319 /* RegistViewController.h */,
				9B2FF6DB1DD09F6F003CD319 /* RegistViewController.m */,
			);
			path = Login;
			sourceTree = "<group>";
		};
		9BE14BA71DD043D7004B77E3 /* SystemLibrarys */ = {
			isa = PBXGroup;
			children = (
				9B0BB9231F7903CA004AD449 /* OpenAL.framework */,
				9BE14BBA1DD04404004B77E3 /* Accelerate.framework */,
				9B6F02281E9F508200CE5770 /* AssetsLibrary.framework */,
				9BE14BB61DD04404004B77E3 /* AVFoundation.framework */,
				9BB8232D1E1DE03500DD4076 /* AVKit.framework */,
				9BE14BAE1DD04404004B77E3 /* CoreGraphics.framework */,
				9BE14BAF1DD04404004B77E3 /* CoreMedia.framework */,
				9BE14BB01DD04404004B77E3 /* CoreTelephony.framework */,
				9BE14BAB1DD04404004B77E3 /* CoreVideo.framework */,
				9BE14BAA1DD04404004B77E3 /* Foundation.framework */,
				408BFE5C1E641C27003C09E4 /* ImageIO.framework */,
				408BFE5A1E641BFC003C09E4 /* JavaScriptCore.framework */,
				9BE14BB91DD04404004B77E3 /* libbz2.tbd */,
				9BE14BB71DD04404004B77E3 /* libc++.tbd */,
				9BE14BB31DD04404004B77E3 /* libiconv.tbd */,
				408BFE581E641BE4003C09E4 /* libicucore.tbd */,
				9BE14BB81DD04404004B77E3 /* libresolv.tbd */,
				9BE14BA91DD04404004B77E3 /* libsqlite3.tbd */,
				9BE14BAC1DD04404004B77E3 /* libstdc++.6.tbd */,
				9BE14BB41DD04404004B77E3 /* libstdc++.tbd */,
				9BE14BAD1DD04404004B77E3 /* libz.tbd */,
				9B6F022A1E9F50EC00CE5770 /* OpenGLES.framework */,
				9B6F022C1E9F50F700CE5770 /* QuartzCore.framework */,
				9BE14BB11DD04404004B77E3 /* SystemConfiguration.framework */,
				9BE14BB51DD04404004B77E3 /* UIKit.framework */,
				9BE14BB21DD04404004B77E3 /* VideoToolbox.framework */,
			);
			name = SystemLibrarys;
			sourceTree = "<group>";
		};
/* End PBXGroup section */

/* Begin PBXNativeTarget section */
		9B68A4C91DD01AA30089786C /* TILLiveSDKShow */ = {
			isa = PBXNativeTarget;
			buildConfigurationList = 9B68A4E11DD01AA30089786C /* Build configuration list for PBXNativeTarget "TILLiveSDKShow" */;
			buildPhases = (
				9B68A4C61DD01AA30089786C /* Sources */,
				9B68A4C71DD01AA30089786C /* Frameworks */,
				9B68A4C81DD01AA30089786C /* Resources */,
			);
			buildRules = (
			);
			dependencies = (
			);
			name = TILLiveSDKShow;
			productName = TILLiveSDKShow;
			productReference = 9B68A4CA1DD01AA30089786C /* TILLiveSDKShow.app */;
			productType = "com.apple.product-type.application";
		};
/* End PBXNativeTarget section */

/* Begin PBXProject section */
		9B68A4C21DD01AA30089786C /* Project object */ = {
			isa = PBXProject;
			attributes = {
				LastUpgradeCheck = 0800;
				ORGANIZATIONNAME = Tencent;
				TargetAttributes = {
					9B68A4C91DD01AA30089786C = {
						CreatedOnToolsVersion = 8.0;
						DevelopmentTeam = 6NQND948ZC;
						ProvisioningStyle = Automatic;
						SystemCapabilities = {
							com.apple.BackgroundModes = {
								enabled = 1;
							};
						};
					};
					9B9131831E0D3EDD00B784C6 = {
						CreatedOnToolsVersion = 8.2.1;
						ProvisioningStyle = Automatic;
					};
				};
			};
			buildConfigurationList = 9B68A4C51DD01AA30089786C /* Build configuration list for PBXProject "TILLiveSDKShow" */;
			compatibilityVersion = "Xcode 3.2";
			developmentRegion = English;
			hasScannedForEncodings = 0;
			knownRegions = (
				en,
				Base,
			);
			mainGroup = 9B68A4C11DD01AA30089786C;
			productRefGroup = 9B68A4CB1DD01AA30089786C /* Products */;
			projectDirPath = "";
			projectRoot = "";
			targets = (
				9B68A4C91DD01AA30089786C /* TILLiveSDKShow */,
				9B9131831E0D3EDD00B784C6 /* dailybuild */,
			);
		};
/* End PBXProject section */

/* Begin PBXResourcesBuildPhase section */
		9B68A4C81DD01AA30089786C /* Resources */ = {
			isa = PBXResourcesBuildPhase;
			buildActionMask = 2147483647;
			files = (
				9BB03BAB1F389EF1003537E3 /* FilterRes.bundle in Resources */,
				9B6DADA51F2F2C51002896E8 /* ShareSDK.bundle in Resources */,
				9B458D3F1E814DC8001DDB53 /* UserProtocol.html in Resources */,
				9BB03BAF1F389EF1003537E3 /* QAVEffectRes.bundle in Resources */,
				9B9E44341EE4F31C0033CC73 /* YTFaceSDK.licence in Resources */,
				9B458D411E814DC8001DDB53 /* UserProtocolViewController.xib in Resources */,
				9BB03BA21F389EF1003537E3 /* TILFilterResource.bundle in Resources */,
				9B9131881E0D3F3D00B784C6 /* DailyBuild-Info.plist in Resources */,
				9B6DAD9C1F2F2C51002896E8 /* ShareSDKConfigFile.bundle in Resources */,
				9BB03BAD1F389EF1003537E3 /* PE.dat in Resources */,
				9BB03BAA1F389EF1003537E3 /* DecoRes.bundle in Resources */,
				9B68A4DD1DD01AA30089786C /* LaunchScreen.storyboard in Resources */,
				9B6DAD9F1F2F2C51002896E8 /* ShareSDKUI.bundle in Resources */,
				9B6DADA31F2F2C51002896E8 /* README.txt in Resources */,
				9B2FF6E41DD0B2F1003CD319 /* Assets.xcassets in Resources */,
			);
			runOnlyForDeploymentPostprocessing = 0;
		};
/* End PBXResourcesBuildPhase section */

/* Begin PBXShellScriptBuildPhase section */
		9B91318E1E0D420600B784C6 /* ShellScript */ = {
			isa = PBXShellScriptBuildPhase;
			buildActionMask = 2147483647;
			files = (
			);
			inputPaths = (
			);
			outputPaths = (
			);
			runOnlyForDeploymentPostprocessing = 0;
			shellPath = /bin/sh;
			shellScript = "# compress application.\n\nPROJ_NAME=\"TILLiveSDKShow\"\n\n/bin/rm -R $CONFIGURATION_BUILD_DIR/Payload\n\n/bin/mkdir $CONFIGURATION_BUILD_DIR/Payload\n\n/bin/cp -R $CONFIGURATION_BUILD_DIR/$PROJ_NAME\".app\" $CONFIGURATION_BUILD_DIR/Payload\n\ncd $CONFIGURATION_BUILD_DIR\n\n# zip up the SNSBee directory\n\n/usr/bin/zip -r $PROJ_NAME\".ipa\" Payload";
		};
/* End PBXShellScriptBuildPhase section */

/* Begin PBXSourcesBuildPhase section */
		9B68A4C61DD01AA30089786C /* Sources */ = {
			isa = PBXSourcesBuildPhase;
			buildActionMask = 2147483647;
			files = (
				9B458D2F1E814D5C001DDB53 /* MsgTableViewCell.m in Sources */,
				9B861D851E0BB1AB00117EDC /* ExitRoomRequest.m in Sources */,
				9B458D2E1E814D5C001DDB53 /* MsgInputView.m in Sources */,
				9B2FF6DF1DD0A7DC003CD319 /* LiveListViewController.m in Sources */,
				9BDA670B1DD41EF600E8638D /* UIView+ShakeAnimation.m in Sources */,
				9B458D2D1E814D5C001DDB53 /* MemberListCell.m in Sources */,
				9B784AC41EA745D7007759B9 /* LinkRoomList.m in Sources */,
				9B3209EA1ECD8BE8007773E0 /* RecordListViewController.m in Sources */,
				9BDA66D91DD1F68C00E8638D /* WebServiceEngine.m in Sources */,
				9BDA93151DD05DB30026EF87 /* LoginViewController.m in Sources */,
				9BDA66D21DD1F68C00E8638D /* BaseRequest.m in Sources */,
				9B458DCD1E8152E0001DDB53 /* UploadImageHelper.m in Sources */,
				9B861D8A1E0BB1AB00117EDC /* RecordReportRequest.m in Sources */,
				9B861D861E0BB1AB00117EDC /* HostHeartBeatRequest.m in Sources */,
				9BDA66E61DD21FEE00E8638D /* NSObject+Json.m in Sources */,
				9B3209E91ECD8BE8007773E0 /* RecordListTableViewCell.m in Sources */,
				9B2AD0061E24893B00F5D3F7 /* LiveImageSignRequest.m in Sources */,
				9B3209E81ECD8BE8007773E0 /* LiveMainViewController.m in Sources */,
				9B68A4D21DD01AA30089786C /* AppDelegate.m in Sources */,
				9BDA66DC1DD1F6A000E8638D /* WebModels.m in Sources */,
				9BDA66EE1DD22C2600E8638D /* PublishViewController.m in Sources */,
				9BA64FF91E796468007F2120 /* ProfileTableViewCell.m in Sources */,
				9B458D401E814DC8001DDB53 /* UserProtocolViewController.m in Sources */,
				9B458D2B1E814D5C001DDB53 /* LiveUITopView.m in Sources */,
				9B861D891E0BB1AB00117EDC /* RecordListRequest.m in Sources */,
				9B861D871E0BB1AB00117EDC /* LoginRequest.m in Sources */,
				9B2AD0001E24873400F5D3F7 /* LiveStreamListRequest.m in Sources */,
				9B6F01F11E9F2D9F00CE5770 /* EnvInfoView.m in Sources */,
				9B6F01E81E9F2CF200CE5770 /* LinkRoomSigRequest.m in Sources */,
				9B458D291E814D5C001DDB53 /* LiveUIBttomView.m in Sources */,
				9BDA67151DD4C06500E8638D /* LoadView.m in Sources */,
				9B861D8D1E0BB1AB00117EDC /* ReportRoomRequest.m in Sources */,
				9B458D041E812D30001DDB53 /* UIColor+MLPFlatColors.m in Sources */,
				9B458D301E814D5C001DDB53 /* ReportView.m in Sources */,
				9B861D8F1E0BB1AB00117EDC /* RoomMemListRequest.m in Sources */,
				9B861D8E1E0BB1AB00117EDC /* RoomListRequest.m in Sources */,
				9B2FF6E71DD0B372003CD319 /* TabbarController.m in Sources */,
				9B458DD01E815339001DDB53 /* LiveViewController+UI.m in Sources */,
				9B458D261E814D5C001DDB53 /* LiveViewController+AVListener.m in Sources */,
				9BDA66EB1DD225A800E8638D /* UIView+CustomAutoLayout.m in Sources */,
				9B458D311E814D5C001DDB53 /* SetBeautyView.m in Sources */,
				9BDA66E51DD21FEE00E8638D /* NSMutableDictionary+Json.m in Sources */,
				9B861D881E0BB1AB00117EDC /* LogoutRequest.m in Sources */,
				9B2FF6EA1DD0B94E003CD319 /* LiveListTableViewCell.m in Sources */,
				9B861D8C1E0BB1AB00117EDC /* ReportMemIdRequest.m in Sources */,
				9B458D2A1E814D5C001DDB53 /* LiveUIParView.m in Sources */,
				9B68A4CF1DD01AA30089786C /* main.m in Sources */,
				9B458D441E814E0A001DDB53 /* UserViewManager.m in Sources */,
				9B2FF6DC1DD09F6F003CD319 /* RegistViewController.m in Sources */,
				9B861D8B1E0BB1AB00117EDC /* RegistRequest.m in Sources */,
				9B6F01F21E9F2D9F00CE5770 /* MoreFunView.m in Sources */,
				9B458D251E814D5C001DDB53 /* LiveViewController.m in Sources */,
				9B861D841E0BB1AB00117EDC /* CreateRoomRequest.m in Sources */,
				9BDA66F81DD2C49800E8638D /* UIImage+Common.m in Sources */,
				9BDA66E41DD21FEE00E8638D /* JSONKit.m in Sources */,
				9B458D281E814D5C001DDB53 /* LiveCallView.m in Sources */,
				9B6F01F51E9F2DAB00CE5770 /* LiveViewController+Audio.m in Sources */,
				9B458D271E814D5C001DDB53 /* LiveViewController+ImListener.m in Sources */,
				9BDA66BD1DD1F06C00E8638D /* SettingViewController.m in Sources */,
				9B458D051E812D30001DDB53 /* UIImage+TintColor.m in Sources */,
				9B6F01EC1E9F2D5A00CE5770 /* AlertHelp.m in Sources */,
			);
			runOnlyForDeploymentPostprocessing = 0;
		};
/* End PBXSourcesBuildPhase section */

/* Begin PBXTargetDependency section */
		9B91318D1E0D41FF00B784C6 /* PBXTargetDependency */ = {
			isa = PBXTargetDependency;
			target = 9B68A4C91DD01AA30089786C /* TILLiveSDKShow */;
			targetProxy = 9B91318C1E0D41FF00B784C6 /* PBXContainerItemProxy */;
		};
/* End PBXTargetDependency section */

/* Begin PBXVariantGroup section */
		9B68A4DB1DD01AA30089786C /* LaunchScreen.storyboard */ = {
			isa = PBXVariantGroup;
			children = (
				9B68A4DC1DD01AA30089786C /* Base */,
			);
			name = LaunchScreen.storyboard;
			sourceTree = "<group>";
		};
/* End PBXVariantGroup section */

/* Begin XCBuildConfiguration section */
		9B68A4DF1DD01AA30089786C /* Debug */ = {
			isa = XCBuildConfiguration;
			buildSettings = {
				ALWAYS_SEARCH_USER_PATHS = NO;
				CLANG_ANALYZER_NONNULL = YES;
				CLANG_CXX_LANGUAGE_STANDARD = "gnu++0x";
				CLANG_CXX_LIBRARY = "libc++";
				CLANG_ENABLE_MODULES = YES;
				CLANG_ENABLE_OBJC_ARC = YES;
				CLANG_WARN_BOOL_CONVERSION = YES;
				CLANG_WARN_CONSTANT_CONVERSION = YES;
				CLANG_WARN_DIRECT_OBJC_ISA_USAGE = YES_ERROR;
				CLANG_WARN_DOCUMENTATION_COMMENTS = YES;
				CLANG_WARN_EMPTY_BODY = YES;
				CLANG_WARN_ENUM_CONVERSION = YES;
				CLANG_WARN_INFINITE_RECURSION = YES;
				CLANG_WARN_INT_CONVERSION = YES;
				CLANG_WARN_OBJC_ROOT_CLASS = YES_ERROR;
				CLANG_WARN_SUSPICIOUS_MOVES = YES;
				CLANG_WARN_UNREACHABLE_CODE = YES;
				CLANG_WARN__DUPLICATE_METHOD_MATCH = YES;
				"CODE_SIGN_IDENTITY[sdk=iphoneos*]" = "iPhone Developer";
				COPY_PHASE_STRIP = NO;
				DEBUG_INFORMATION_FORMAT = dwarf;
				ENABLE_STRICT_OBJC_MSGSEND = YES;
				ENABLE_TESTABILITY = YES;
				GCC_C_LANGUAGE_STANDARD = gnu99;
				GCC_DYNAMIC_NO_PIC = NO;
				GCC_NO_COMMON_BLOCKS = YES;
				GCC_OPTIMIZATION_LEVEL = 0;
				GCC_PREPROCESSOR_DEFINITIONS = (
					"DEBUG=1",
					"$(inherited)",
				);
				GCC_WARN_64_TO_32_BIT_CONVERSION = YES;
				GCC_WARN_ABOUT_RETURN_TYPE = YES_ERROR;
				GCC_WARN_UNDECLARED_SELECTOR = YES;
				GCC_WARN_UNINITIALIZED_AUTOS = YES_AGGRESSIVE;
				GCC_WARN_UNUSED_FUNCTION = YES;
				GCC_WARN_UNUSED_VARIABLE = YES;
				IPHONEOS_DEPLOYMENT_TARGET = 10.0;
				MTL_ENABLE_DEBUG_INFO = YES;
				ONLY_ACTIVE_ARCH = YES;
				SDKROOT = iphoneos;
			};
			name = Debug;
		};
		9B68A4E01DD01AA30089786C /* Release */ = {
			isa = XCBuildConfiguration;
			buildSettings = {
				ALWAYS_SEARCH_USER_PATHS = NO;
				CLANG_ANALYZER_NONNULL = YES;
				CLANG_CXX_LANGUAGE_STANDARD = "gnu++0x";
				CLANG_CXX_LIBRARY = "libc++";
				CLANG_ENABLE_MODULES = YES;
				CLANG_ENABLE_OBJC_ARC = YES;
				CLANG_WARN_BOOL_CONVERSION = YES;
				CLANG_WARN_CONSTANT_CONVERSION = YES;
				CLANG_WARN_DIRECT_OBJC_ISA_USAGE = YES_ERROR;
				CLANG_WARN_DOCUMENTATION_COMMENTS = YES;
				CLANG_WARN_EMPTY_BODY = YES;
				CLANG_WARN_ENUM_CONVERSION = YES;
				CLANG_WARN_INFINITE_RECURSION = YES;
				CLANG_WARN_INT_CONVERSION = YES;
				CLANG_WARN_OBJC_ROOT_CLASS = YES_ERROR;
				CLANG_WARN_SUSPICIOUS_MOVES = YES;
				CLANG_WARN_UNREACHABLE_CODE = YES;
				CLANG_WARN__DUPLICATE_METHOD_MATCH = YES;
				"CODE_SIGN_IDENTITY[sdk=iphoneos*]" = "iPhone Developer";
				COPY_PHASE_STRIP = NO;
				DEBUG_INFORMATION_FORMAT = "dwarf-with-dsym";
				ENABLE_NS_ASSERTIONS = NO;
				ENABLE_STRICT_OBJC_MSGSEND = YES;
				GCC_C_LANGUAGE_STANDARD = gnu99;
				GCC_NO_COMMON_BLOCKS = YES;
				GCC_WARN_64_TO_32_BIT_CONVERSION = YES;
				GCC_WARN_ABOUT_RETURN_TYPE = YES_ERROR;
				GCC_WARN_UNDECLARED_SELECTOR = YES;
				GCC_WARN_UNINITIALIZED_AUTOS = YES_AGGRESSIVE;
				GCC_WARN_UNUSED_FUNCTION = YES;
				GCC_WARN_UNUSED_VARIABLE = YES;
				IPHONEOS_DEPLOYMENT_TARGET = 10.0;
				MTL_ENABLE_DEBUG_INFO = NO;
				SDKROOT = iphoneos;
				VALIDATE_PRODUCT = YES;
			};
			name = Release;
		};
		9B68A4E21DD01AA30089786C /* Debug */ = {
			isa = XCBuildConfiguration;
			buildSettings = {
				ASSETCATALOG_COMPILER_APPICON_NAME = AppIcon;
				"CODE_SIGN_IDENTITY[sdk=iphoneos*]" = "iPhone Developer";
				DEVELOPMENT_TEAM = 6NQND948ZC;
				ENABLE_BITCODE = NO;
				FRAMEWORK_SEARCH_PATHS = (
					"$(inherited)",
					"$(PROJECT_DIR)/TILLiveSDKShow/ThirdSDK/ShareSDK",
					"$(PROJECT_DIR)/TILLiveSDKShow/ThirdSDK/ShareSDK/Support/Optional",
					"$(PROJECT_DIR)/TILLiveSDKShow/ThirdSDK/ShareSDK/Support/PlatformConnector",
					"$(PROJECT_DIR)/TILLiveSDKShow/ThirdSDK/ShareSDK/Support/Required",
					"$(PROJECT_DIR)/Frameworks/AVSDK",
					"$(PROJECT_DIR)/Frameworks",
					"$(PROJECT_DIR)/Frameworks/IMSDK",
					"$(PROJECT_DIR)/Frameworks/QAVEffect",
					"$(PROJECT_DIR)/Frameworks/ILiveSDK",
				);
				GCC_INPUT_FILETYPE = sourcecode.cpp.objcpp;
				GCC_PRECOMPILE_PREFIX_HEADER = YES;
				GCC_PREFIX_HEADER = "TILLiveSDKShow/TILLiveSDKShow-Prefix.pch";
				HEADER_SEARCH_PATHS = "";
				INFOPLIST_FILE = TILLiveSDKShow/Info.plist;
				IPHONEOS_DEPLOYMENT_TARGET = 8.0;
				LD_RUNPATH_SEARCH_PATHS = "$(inherited) @executable_path/Frameworks";
				LIBRARY_SEARCH_PATHS = (
					"$(inherited)",
					"$(PROJECT_DIR)/TILLiveSDKShow/ThirdSDK/COS_SDK",
					"$(PROJECT_DIR)/TILLiveSDKShow/ThirdSDK/ShareSDK/Support/PlatformSDK/WeChatSDK",
				);
				OTHER_LDFLAGS = "-ObjC";
				PRODUCT_BUNDLE_IDENTIFIER = com.wilder.test12;
				PRODUCT_NAME = "$(TARGET_NAME)";
				PROVISIONING_PROFILE_SPECIFIER = "";
			};
			name = Debug;
		};
		9B68A4E31DD01AA30089786C /* Release */ = {
			isa = XCBuildConfiguration;
			buildSettings = {
				ASSETCATALOG_COMPILER_APPICON_NAME = AppIcon;
				"CODE_SIGN_IDENTITY[sdk=iphoneos*]" = "iPhone Developer";
				DEVELOPMENT_TEAM = 6NQND948ZC;
				ENABLE_BITCODE = NO;
				FRAMEWORK_SEARCH_PATHS = (
					"$(inherited)",
					"$(PROJECT_DIR)/TILLiveSDKShow/ThirdSDK/ShareSDK",
					"$(PROJECT_DIR)/TILLiveSDKShow/ThirdSDK/ShareSDK/Support/Optional",
					"$(PROJECT_DIR)/TILLiveSDKShow/ThirdSDK/ShareSDK/Support/PlatformConnector",
					"$(PROJECT_DIR)/TILLiveSDKShow/ThirdSDK/ShareSDK/Support/Required",
					"$(PROJECT_DIR)/Frameworks/AVSDK",
					"$(PROJECT_DIR)/Frameworks",
					"$(PROJECT_DIR)/Frameworks/IMSDK",
					"$(PROJECT_DIR)/Frameworks/QAVEffect",
					"$(PROJECT_DIR)/Frameworks/ILiveSDK",
				);
				GCC_INPUT_FILETYPE = sourcecode.cpp.objcpp;
				GCC_PRECOMPILE_PREFIX_HEADER = YES;
				GCC_PREFIX_HEADER = "TILLiveSDKShow/TILLiveSDKShow-Prefix.pch";
				HEADER_SEARCH_PATHS = "";
				INFOPLIST_FILE = TILLiveSDKShow/Info.plist;
				IPHONEOS_DEPLOYMENT_TARGET = 8.0;
				LD_RUNPATH_SEARCH_PATHS = "$(inherited) @executable_path/Frameworks";
				LIBRARY_SEARCH_PATHS = (
					"$(inherited)",
					"$(PROJECT_DIR)/TILLiveSDKShow/ThirdSDK/COS_SDK",
					"$(PROJECT_DIR)/TILLiveSDKShow/ThirdSDK/ShareSDK/Support/PlatformSDK/WeChatSDK",
				);
				OTHER_LDFLAGS = "-ObjC";
				PRODUCT_BUNDLE_IDENTIFIER = com.wilder.test12;
				PRODUCT_NAME = "$(TARGET_NAME)";
				PROVISIONING_PROFILE_SPECIFIER = "";
			};
			name = Release;
		};
		9B9131841E0D3EDD00B784C6 /* Debug */ = {
			isa = XCBuildConfiguration;
			buildSettings = {
				DEVELOPMENT_TEAM = "";
				ENABLE_BITCODE = NO;
				INFOPLIST_FILE = "TILLiveSDKShow/DailyBuild-Info.plist";
				PRODUCT_BUNDLE_IDENTIFIER = com.tencent.TCShow.dailybuild;
				PRODUCT_NAME = "$(TARGET_NAME)";
			};
			name = Debug;
		};
		9B9131851E0D3EDD00B784C6 /* Release */ = {
			isa = XCBuildConfiguration;
			buildSettings = {
				DEVELOPMENT_TEAM = "";
				ENABLE_BITCODE = NO;
				INFOPLIST_FILE = "TILLiveSDKShow/DailyBuild-Info.plist";
				PRODUCT_BUNDLE_IDENTIFIER = com.tencent.TCShow.dailybuild;
				PRODUCT_NAME = "$(TARGET_NAME)";
			};
			name = Release;
		};
		9B9131891E0D3F8100B784C6 /* DailyBuild */ = {
			isa = XCBuildConfiguration;
			buildSettings = {
				ALWAYS_SEARCH_USER_PATHS = NO;
				CLANG_ANALYZER_NONNULL = YES;
				CLANG_CXX_LANGUAGE_STANDARD = "gnu++0x";
				CLANG_CXX_LIBRARY = "libc++";
				CLANG_ENABLE_MODULES = YES;
				CLANG_ENABLE_OBJC_ARC = YES;
				CLANG_WARN_BOOL_CONVERSION = YES;
				CLANG_WARN_CONSTANT_CONVERSION = YES;
				CLANG_WARN_DIRECT_OBJC_ISA_USAGE = YES_ERROR;
				CLANG_WARN_DOCUMENTATION_COMMENTS = YES;
				CLANG_WARN_EMPTY_BODY = YES;
				CLANG_WARN_ENUM_CONVERSION = YES;
				CLANG_WARN_INFINITE_RECURSION = YES;
				CLANG_WARN_INT_CONVERSION = YES;
				CLANG_WARN_OBJC_ROOT_CLASS = YES_ERROR;
				CLANG_WARN_SUSPICIOUS_MOVES = YES;
				CLANG_WARN_UNREACHABLE_CODE = YES;
				CLANG_WARN__DUPLICATE_METHOD_MATCH = YES;
				"CODE_SIGN_IDENTITY[sdk=iphoneos*]" = "iPhone Developer";
				COPY_PHASE_STRIP = NO;
				DEBUG_INFORMATION_FORMAT = "dwarf-with-dsym";
				ENABLE_NS_ASSERTIONS = NO;
				ENABLE_STRICT_OBJC_MSGSEND = YES;
				GCC_C_LANGUAGE_STANDARD = gnu99;
				GCC_NO_COMMON_BLOCKS = YES;
				GCC_WARN_64_TO_32_BIT_CONVERSION = YES;
				GCC_WARN_ABOUT_RETURN_TYPE = YES_ERROR;
				GCC_WARN_UNDECLARED_SELECTOR = YES;
				GCC_WARN_UNINITIALIZED_AUTOS = YES_AGGRESSIVE;
				GCC_WARN_UNUSED_FUNCTION = YES;
				GCC_WARN_UNUSED_VARIABLE = YES;
				IPHONEOS_DEPLOYMENT_TARGET = 10.0;
				MTL_ENABLE_DEBUG_INFO = NO;
				SDKROOT = iphoneos;
				VALIDATE_PRODUCT = YES;
			};
			name = DailyBuild;
		};
		9B91318A1E0D3F8100B784C6 /* DailyBuild */ = {
			isa = XCBuildConfiguration;
			buildSettings = {
				ASSETCATALOG_COMPILER_APPICON_NAME = AppIcon;
				"CODE_SIGN_IDENTITY[sdk=iphoneos*]" = "iPhone Developer";
				DEVELOPMENT_TEAM = 6NQND948ZC;
				ENABLE_BITCODE = NO;
				FRAMEWORK_SEARCH_PATHS = (
					"$(inherited)",
					"$(PROJECT_DIR)/TILLiveSDKShow/ThirdSDK/ShareSDK",
					"$(PROJECT_DIR)/TILLiveSDKShow/ThirdSDK/ShareSDK/Support/Optional",
					"$(PROJECT_DIR)/TILLiveSDKShow/ThirdSDK/ShareSDK/Support/PlatformConnector",
					"$(PROJECT_DIR)/TILLiveSDKShow/ThirdSDK/ShareSDK/Support/Required",
					"$(PROJECT_DIR)/Frameworks/AVSDK",
					"$(PROJECT_DIR)/Frameworks",
					"$(PROJECT_DIR)/Frameworks/IMSDK",
					"$(PROJECT_DIR)/Frameworks/QAVEffect",
					"$(PROJECT_DIR)/Frameworks/ILiveSDK",
				);
				GCC_INPUT_FILETYPE = sourcecode.cpp.objcpp;
				GCC_PRECOMPILE_PREFIX_HEADER = YES;
				GCC_PREFIX_HEADER = "TILLiveSDKShow/TILLiveSDKShow-Prefix.pch";
				HEADER_SEARCH_PATHS = "";
				INFOPLIST_FILE = TILLiveSDKShow/Info.plist;
				IPHONEOS_DEPLOYMENT_TARGET = 8.0;
				LD_RUNPATH_SEARCH_PATHS = "$(inherited) @executable_path/Frameworks";
				LIBRARY_SEARCH_PATHS = (
					"$(inherited)",
					"$(PROJECT_DIR)/TILLiveSDKShow/ThirdSDK/COS_SDK",
					"$(PROJECT_DIR)/TILLiveSDKShow/ThirdSDK/ShareSDK/Support/PlatformSDK/WeChatSDK",
				);
				OTHER_LDFLAGS = "-ObjC";
				PRODUCT_BUNDLE_IDENTIFIER = com.wilder.test12;
				PRODUCT_NAME = "$(TARGET_NAME)";
				PROVISIONING_PROFILE = "";
				PROVISIONING_PROFILE_SPECIFIER = "";
			};
			name = DailyBuild;
		};
		9B91318B1E0D3F8100B784C6 /* DailyBuild */ = {
			isa = XCBuildConfiguration;
			buildSettings = {
				CODE_SIGN_IDENTITY = "iPhone Distribution: Tencent Technology (Shenzhen) Co., Ltd";
				DEVELOPMENT_TEAM = "";
				ENABLE_BITCODE = NO;
				INFOPLIST_FILE = "TILLiveSDKShow/DailyBuild-Info.plist";
				PRODUCT_BUNDLE_IDENTIFIER = com.tencent.TCShow.dailybuild;
				PRODUCT_NAME = "$(TARGET_NAME)";
				PROVISIONING_PROFILE = "32d8f732-d114-494a-adda-1c2bdeec6d7e";
			};
			name = DailyBuild;
		};
/* End XCBuildConfiguration section */

/* Begin XCConfigurationList section */
		9B68A4C51DD01AA30089786C /* Build configuration list for PBXProject "TILLiveSDKShow" */ = {
			isa = XCConfigurationList;
			buildConfigurations = (
				9B68A4DF1DD01AA30089786C /* Debug */,
				9B68A4E01DD01AA30089786C /* Release */,
				9B9131891E0D3F8100B784C6 /* DailyBuild */,
			);
			defaultConfigurationIsVisible = 0;
			defaultConfigurationName = Release;
		};
		9B68A4E11DD01AA30089786C /* Build configuration list for PBXNativeTarget "TILLiveSDKShow" */ = {
			isa = XCConfigurationList;
			buildConfigurations = (
				9B68A4E21DD01AA30089786C /* Debug */,
				9B68A4E31DD01AA30089786C /* Release */,
				9B91318A1E0D3F8100B784C6 /* DailyBuild */,
			);
			defaultConfigurationIsVisible = 0;
			defaultConfigurationName = Release;
		};
		9B9131861E0D3EDD00B784C6 /* Build configuration list for PBXAggregateTarget "dailybuild" */ = {
			isa = XCConfigurationList;
			buildConfigurations = (
				9B9131841E0D3EDD00B784C6 /* Debug */,
				9B9131851E0D3EDD00B784C6 /* Release */,
				9B91318B1E0D3F8100B784C6 /* DailyBuild */,
			);
			defaultConfigurationIsVisible = 0;
			defaultConfigurationName = Release;
		};
/* End XCConfigurationList section */
	};
	rootObject = 9B68A4C21DD01AA30089786C /* Project object */;
}
